// !$*UTF8*$!
{
	archiveVersion = 1;
	classes = {
	};
	objectVersion = 46;
	objects = {

/* Begin PBXBuildFile section */
		C711B16F1F4D864600E1C076 /* DurationTransformer.swift in Sources */ = {isa = PBXBuildFile; fileRef = C711B16E1F4D864600E1C076 /* DurationTransformer.swift */; };
		C71847C01F0E49F100296C61 /* HelperService.swift in Sources */ = {isa = PBXBuildFile; fileRef = C71847BF1F0E49F100296C61 /* HelperService.swift */; };
		C71847C21F0E4A1B00296C61 /* ProviderService.swift in Sources */ = {isa = PBXBuildFile; fileRef = C71847C11F0E4A1B00296C61 /* ProviderService.swift */; };
		C71847C41F0E4A4A00296C61 /* AuthenticationService.swift in Sources */ = {isa = PBXBuildFile; fileRef = C71847C31F0E4A4A00296C61 /* AuthenticationService.swift */; };
		C71847C61F0E5AC600296C61 /* ConfigurationService.swift in Sources */ = {isa = PBXBuildFile; fileRef = C71847C51F0E5AC600296C61 /* ConfigurationService.swift */; };
		C71847C81F0E5E2800296C61 /* ChooseConnectionTypeViewController.swift in Sources */ = {isa = PBXBuildFile; fileRef = C71847C71F0E5E2800296C61 /* ChooseConnectionTypeViewController.swift */; };
		C71847CC1F0E7C7700296C61 /* Kingfisher.framework.dSYM in CopyFiles */ = {isa = PBXBuildFile; fileRef = C71847CB1F0E7C7700296C61 /* Kingfisher.framework.dSYM */; };
		C71847CF1F0E7EAF00296C61 /* Kingfisher.framework in Embed Frameworks */ = {isa = PBXBuildFile; fileRef = C71847CD1F0E7EAF00296C61 /* Kingfisher.framework */; settings = {ATTRIBUTES = (CodeSignOnCopy, RemoveHeadersOnCopy, ); }; };
		C71912561F3C6942005409E0 /* PreferencesViewController.swift in Sources */ = {isa = PBXBuildFile; fileRef = C71912551F3C6942005409E0 /* PreferencesViewController.swift */; };
		C71912581F3C8486005409E0 /* Defaults.plist in Resources */ = {isa = PBXBuildFile; fileRef = C71912571F3C8486005409E0 /* Defaults.plist */; };
		C7251FC7208A2DDC000CE404 /* User.swift in Sources */ = {isa = PBXBuildFile; fileRef = C7C4951720849DF20056D5E4 /* User.swift */; };
		C7251FC8208A2DEF000CE404 /* TwoFactorService.swift in Sources */ = {isa = PBXBuildFile; fileRef = C7C495202084DE230056D5E4 /* TwoFactorService.swift */; };
		C7251FC9208A2DF4000CE404 /* String+Random.swift in Sources */ = {isa = PBXBuildFile; fileRef = C77EF61220876B5A0097DEB2 /* String+Random.swift */; };
		C7251FCA208A2DF8000CE404 /* Enroll2FAViewController.swift in Sources */ = {isa = PBXBuildFile; fileRef = C7C4951E2084BE600056D5E4 /* Enroll2FAViewController.swift */; };
		C72A557A1F0D9FF2001DCA24 /* AppAuth.framework in Frameworks */ = {isa = PBXBuildFile; fileRef = C72A55791F0D9FF2001DCA24 /* AppAuth.framework */; };
		C72A557B1F0D9FF2001DCA24 /* AppAuth.framework in Embed Frameworks */ = {isa = PBXBuildFile; fileRef = C72A55791F0D9FF2001DCA24 /* AppAuth.framework */; settings = {ATTRIBUTES = (CodeSignOnCopy, RemoveHeadersOnCopy, ); }; };
		C72A557F1F0DA01C001DCA24 /* AppAuth.framework.dSYM in CopyFiles */ = {isa = PBXBuildFile; fileRef = C72A557E1F0DA01C001DCA24 /* AppAuth.framework.dSYM */; };
		C72AD6F61F0A692F006DBDA5 /* main.m in Sources */ = {isa = PBXBuildFile; fileRef = C72AD6F51F0A692F006DBDA5 /* main.m */; };
		C72AD6FD1F0A69BF006DBDA5 /* OpenVPNHelper.m in Sources */ = {isa = PBXBuildFile; fileRef = C72AD6FC1F0A69BF006DBDA5 /* OpenVPNHelper.m */; settings = {COMPILER_FLAGS = "-D'TEAM=@\\\"$(DEVELOPMENT_TEAM)\\\"'"; }; };
		C72AD7021F0A6AE9006DBDA5 /* Foundation.framework in Frameworks */ = {isa = PBXBuildFile; fileRef = C72AD7011F0A6AE9006DBDA5 /* Foundation.framework */; };
		C72AD7041F0A6AEE006DBDA5 /* Security.framework in Frameworks */ = {isa = PBXBuildFile; fileRef = C72AD7031F0A6AEE006DBDA5 /* Security.framework */; };
		C732CEA51F0F720800698F28 /* ChooseProfileViewController.swift in Sources */ = {isa = PBXBuildFile; fileRef = C732CEA31F0F720800698F28 /* ChooseProfileViewController.swift */; };
		C732CEA81F0F7B7600698F28 /* String+URL.swift in Sources */ = {isa = PBXBuildFile; fileRef = C732CEA71F0F7B7600698F28 /* String+URL.swift */; };
		C73690B7214267A5004AFB4E /* URL+Unused.swift in Sources */ = {isa = PBXBuildFile; fileRef = C73690B6214267A5004AFB4E /* URL+Unused.swift */; };
		C73690B8214267A5004AFB4E /* URL+Unused.swift in Sources */ = {isa = PBXBuildFile; fileRef = C73690B6214267A5004AFB4E /* URL+Unused.swift */; };
		C741F43D1FC6DE9000B1EB83 /* Sparkle.framework.dSYM in Resources */ = {isa = PBXBuildFile; fileRef = C741F43B1FC6DE9000B1EB83 /* Sparkle.framework.dSYM */; };
		C741F43E1FC6DE9000B1EB83 /* Sparkle.framework in Frameworks */ = {isa = PBXBuildFile; fileRef = C741F43C1FC6DE9000B1EB83 /* Sparkle.framework */; };
		C741F4401FC6DEED00B1EB83 /* Sparkle.framework in Embed Frameworks */ = {isa = PBXBuildFile; fileRef = C741F43C1FC6DE9000B1EB83 /* Sparkle.framework */; settings = {ATTRIBUTES = (CodeSignOnCopy, RemoveHeadersOnCopy, ); }; };
		C741F4421FC6E2D400B1EB83 /* dsa_pub.pem in Resources */ = {isa = PBXBuildFile; fileRef = C741F4411FC6E2D400B1EB83 /* dsa_pub.pem */; };
		C74487061F194FAB0072B472 /* Sodium.framework in Frameworks */ = {isa = PBXBuildFile; fileRef = C74487051F194FAB0072B472 /* Sodium.framework */; };
		C74487071F194FAB0072B472 /* Sodium.framework in Embed Frameworks */ = {isa = PBXBuildFile; fileRef = C74487051F194FAB0072B472 /* Sodium.framework */; settings = {ATTRIBUTES = (CodeSignOnCopy, RemoveHeadersOnCopy, ); }; };
		C74487091F194FBA0072B472 /* Sodium.framework.dSYM in CopyFiles */ = {isa = PBXBuildFile; fileRef = C74487081F194FBA0072B472 /* Sodium.framework.dSYM */; };
		C748DDD322302BC100B81A13 /* openvpn-2.4.7-openssl-1.1.1b in Resources */ = {isa = PBXBuildFile; fileRef = C748DDD222302BC100B81A13 /* openvpn-2.4.7-openssl-1.1.1b */; };
		C748DDD422302BC100B81A13 /* openvpn-2.4.7-openssl-1.1.1b in Resources */ = {isa = PBXBuildFile; fileRef = C748DDD222302BC100B81A13 /* openvpn-2.4.7-openssl-1.1.1b */; };
		C75527DC1F3B55B700076078 /* MainViewController.swift in Sources */ = {isa = PBXBuildFile; fileRef = C75527DB1F3B55B700076078 /* MainViewController.swift */; };
		C75527E51F3C531B00076078 /* AppDelegate.m in Sources */ = {isa = PBXBuildFile; fileRef = C75527E41F3C531B00076078 /* AppDelegate.m */; };
		C75527E81F3C531B00076078 /* main.m in Sources */ = {isa = PBXBuildFile; fileRef = C75527E71F3C531B00076078 /* main.m */; };
		C75527ED1F3C531B00076078 /* Assets.xcassets in Resources */ = {isa = PBXBuildFile; fileRef = C75527EC1F3C531B00076078 /* Assets.xcassets */; };
		C75527F01F3C531B00076078 /* Main.storyboard in Resources */ = {isa = PBXBuildFile; fileRef = C75527EE1F3C531B00076078 /* Main.storyboard */; };
		C75527F61F3C545800076078 /* LoginItemHelper.app in CopyFiles */ = {isa = PBXBuildFile; fileRef = C75527E11F3C531B00076078 /* LoginItemHelper.app */; settings = {ATTRIBUTES = (RemoveHeadersOnCopy, ); }; };
		C75527FA1F3C55F100076078 /* PreferencesService.swift in Sources */ = {isa = PBXBuildFile; fileRef = C75527F91F3C55F100076078 /* PreferencesService.swift */; };
		C75C8F4820B56AF4004B028C /* IPAddress.swift in Sources */ = {isa = PBXBuildFile; fileRef = C75C8F4720B56AF3004B028C /* IPAddress.swift */; };
		C75C8F4920B56AF4004B028C /* IPAddress.swift in Sources */ = {isa = PBXBuildFile; fileRef = C75C8F4720B56AF3004B028C /* IPAddress.swift */; };
		C761DF071FE4002A009F0154 /* Enter2FAViewController.swift in Sources */ = {isa = PBXBuildFile; fileRef = C761DF061FE4002A009F0154 /* Enter2FAViewController.swift */; };
		C761E2E02080B08200A98B90 /* Reachability.framework.dSYM in Resources */ = {isa = PBXBuildFile; fileRef = C761E2DF2080B08200A98B90 /* Reachability.framework.dSYM */; };
		C761E2E12080B08C00A98B90 /* Reachability.framework in Frameworks */ = {isa = PBXBuildFile; fileRef = C761E2DD2080B07B00A98B90 /* Reachability.framework */; };
		C761E2E22080B08C00A98B90 /* Reachability.framework in Embed Frameworks */ = {isa = PBXBuildFile; fileRef = C761E2DD2080B07B00A98B90 /* Reachability.framework */; settings = {ATTRIBUTES = (CodeSignOnCopy, RemoveHeadersOnCopy, ); }; };
		C765819B1F063BC9003DEC92 /* ServiceContainer.swift in Sources */ = {isa = PBXBuildFile; fileRef = C765819A1F063BC9003DEC92 /* ServiceContainer.swift */; };
		C765819D1F063C47003DEC92 /* ConnectionService.swift in Sources */ = {isa = PBXBuildFile; fileRef = C765819C1F063C47003DEC92 /* ConnectionService.swift */; };
		C766150E2125B4F2002A8E4D /* Debug.swift in Sources */ = {isa = PBXBuildFile; fileRef = C766150D2125B4F2002A8E4D /* Debug.swift */; };
		C766150F2125B4F2002A8E4D /* Debug.swift in Sources */ = {isa = PBXBuildFile; fileRef = C766150D2125B4F2002A8E4D /* Debug.swift */; };
		C766FB87212D6AF000306271 /* eduVPNAssets.xcassets in Resources */ = {isa = PBXBuildFile; fileRef = C766FB86212D6AF000306271 /* eduVPNAssets.xcassets */; };
		C766FB89212D6AF900306271 /* LetsConnectAssets.xcassets in Resources */ = {isa = PBXBuildFile; fileRef = C766FB88212D6AF900306271 /* LetsConnectAssets.xcassets */; };
		C76A83FD2158DD110017DBE1 /* NSAlert+Custom.swift in Sources */ = {isa = PBXBuildFile; fileRef = C76A83FC2158DD110017DBE1 /* NSAlert+Custom.swift */; };
		C76A83FE2158DD110017DBE1 /* NSAlert+Custom.swift in Sources */ = {isa = PBXBuildFile; fileRef = C76A83FC2158DD110017DBE1 /* NSAlert+Custom.swift */; };
		C774BCF921465EB2003FF7C8 /* AppConfigType.swift in Sources */ = {isa = PBXBuildFile; fileRef = C774BCF821465EB2003FF7C8 /* AppConfigType.swift */; };
		C774BCFA21465EB2003FF7C8 /* AppConfigType.swift in Sources */ = {isa = PBXBuildFile; fileRef = C774BCF821465EB2003FF7C8 /* AppConfigType.swift */; };
		C774BCFE21466BAD003FF7C8 /* AppConfig.swift in Sources */ = {isa = PBXBuildFile; fileRef = C774BCFD21466BAD003FF7C8 /* AppConfig.swift */; };
		C774BD0021466BB8003FF7C8 /* AppConfig.swift in Sources */ = {isa = PBXBuildFile; fileRef = C774BCFF21466BB8003FF7C8 /* AppConfig.swift */; };
		C774BD0221469C51003FF7C8 /* EnterCredentialsViewController.swift in Sources */ = {isa = PBXBuildFile; fileRef = C774BD0121469C51003FF7C8 /* EnterCredentialsViewController.swift */; };
		C774BD0321469C51003FF7C8 /* EnterCredentialsViewController.swift in Sources */ = {isa = PBXBuildFile; fileRef = C774BD0121469C51003FF7C8 /* EnterCredentialsViewController.swift */; };
		C775F5F121397FF70092D09A /* SecurityInterface.framework in Frameworks */ = {isa = PBXBuildFile; fileRef = C775F5F021397FF70092D09A /* SecurityInterface.framework */; };
		C775F5F2213980010092D09A /* SecurityInterface.framework in Frameworks */ = {isa = PBXBuildFile; fileRef = C775F5F021397FF70092D09A /* SecurityInterface.framework */; };
		C77EF61320876B5A0097DEB2 /* String+Random.swift in Sources */ = {isa = PBXBuildFile; fileRef = C77EF61220876B5A0097DEB2 /* String+Random.swift */; };
		C78250A61FC7291000B33892 /* Message.swift in Sources */ = {isa = PBXBuildFile; fileRef = C78250A51FC7291000B33892 /* Message.swift */; };
		C789DCC320C727B900A0668E /* Reachability.framework.dSYM in CopyFiles */ = {isa = PBXBuildFile; fileRef = C761E2DF2080B08200A98B90 /* Reachability.framework.dSYM */; };
		C789DCC420C727BE00A0668E /* Sparkle.framework.dSYM in CopyFiles */ = {isa = PBXBuildFile; fileRef = C741F43B1FC6DE9000B1EB83 /* Sparkle.framework.dSYM */; };
		C789DCC620C727CB00A0668E /* Reachability.framework.dSYM in CopyFiles */ = {isa = PBXBuildFile; fileRef = C761E2DF2080B08200A98B90 /* Reachability.framework.dSYM */; };
		C789DCC720C727CF00A0668E /* Sparkle.framework.dSYM in CopyFiles */ = {isa = PBXBuildFile; fileRef = C741F43B1FC6DE9000B1EB83 /* Sparkle.framework.dSYM */; };
		C789DCCD20C7E3CB00A0668E /* Socket.framework.dSYM in Resources */ = {isa = PBXBuildFile; fileRef = C789DCCA20C7E3CB00A0668E /* Socket.framework.dSYM */; };
		C789DCCE20C7E3CB00A0668E /* Socket.framework.dSYM in Resources */ = {isa = PBXBuildFile; fileRef = C789DCCA20C7E3CB00A0668E /* Socket.framework.dSYM */; };
		C789DCCF20C7E3E000A0668E /* Socket.framework.dSYM in CopyFiles */ = {isa = PBXBuildFile; fileRef = C789DCCA20C7E3CB00A0668E /* Socket.framework.dSYM */; };
		C789DCD120C7E3ED00A0668E /* Socket.framework in Embed Frameworks */ = {isa = PBXBuildFile; fileRef = C789DCC920C7E3CA00A0668E /* Socket.framework */; settings = {ATTRIBUTES = (CodeSignOnCopy, RemoveHeadersOnCopy, ); }; };
		C789DCD220C7E41100A0668E /* Socket.framework in Frameworks */ = {isa = PBXBuildFile; fileRef = C789DCC920C7E3CA00A0668E /* Socket.framework */; };
		C789DCD320C7E41100A0668E /* Socket.framework in Embed Frameworks */ = {isa = PBXBuildFile; fileRef = C789DCC920C7E3CA00A0668E /* Socket.framework */; settings = {ATTRIBUTES = (CodeSignOnCopy, RemoveHeadersOnCopy, ); }; };
		C789DCD420C7E41B00A0668E /* Socket.framework.dSYM in CopyFiles */ = {isa = PBXBuildFile; fileRef = C789DCCA20C7E3CB00A0668E /* Socket.framework.dSYM */; };
		C789DCD620C8227000A0668E /* KeychainService.swift in Sources */ = {isa = PBXBuildFile; fileRef = C789DCD520C8227000A0668E /* KeychainService.swift */; };
		C789DCD720C8227000A0668E /* KeychainService.swift in Sources */ = {isa = PBXBuildFile; fileRef = C789DCD520C8227000A0668E /* KeychainService.swift */; };
		C79265C32080F340005E86E7 /* Main.storyboard in Resources */ = {isa = PBXBuildFile; fileRef = C7BEF5CE1F03E0D80038605E /* Main.storyboard */; };
		C795BAA220616C9300304431 /* AppDelegate.swift in Sources */ = {isa = PBXBuildFile; fileRef = C7BEF5C81F03E0D80038605E /* AppDelegate.swift */; };
		C7A4E1221FACD09C00B21262 /* EnterProviderURLViewController.swift in Sources */ = {isa = PBXBuildFile; fileRef = C7A4E1211FACD09C00B21262 /* EnterProviderURLViewController.swift */; };
		C7A8412221304F5E003EB3A5 /* Main.storyboard in Resources */ = {isa = PBXBuildFile; fileRef = C7BEF5CE1F03E0D80038605E /* Main.storyboard */; };
		C7AA7FBF1FE4989000845D62 /* ConnectionViewController.swift in Sources */ = {isa = PBXBuildFile; fileRef = C7BEF5DF1F03F4220038605E /* ConnectionViewController.swift */; };
		C7BEF5D81F03E4B50038605E /* ChooseProviderViewController.swift in Sources */ = {isa = PBXBuildFile; fileRef = C7BEF5D71F03E4B50038605E /* ChooseProviderViewController.swift */; };
		C7BEF5DA1F03E4FD0038605E /* Provider.swift in Sources */ = {isa = PBXBuildFile; fileRef = C7BEF5D91F03E4FD0038605E /* Provider.swift */; };
		C7BEF5DC1F03F2CA0038605E /* MainWindowController.swift in Sources */ = {isa = PBXBuildFile; fileRef = C7BEF5DB1F03F2CA0038605E /* MainWindowController.swift */; };
		C7BEF5DE1F03F4020038605E /* AuthenticatingViewController.swift in Sources */ = {isa = PBXBuildFile; fileRef = C7BEF5DD1F03F4020038605E /* AuthenticatingViewController.swift */; };
		C7C494DA208484120056D5E4 /* EnterProviderURLViewController.swift in Sources */ = {isa = PBXBuildFile; fileRef = C7A4E1211FACD09C00B21262 /* EnterProviderURLViewController.swift */; };
		C7C494DB208484120056D5E4 /* String+URL.swift in Sources */ = {isa = PBXBuildFile; fileRef = C732CEA71F0F7B7600698F28 /* String+URL.swift */; };
		C7C494DC208484120056D5E4 /* Provider.swift in Sources */ = {isa = PBXBuildFile; fileRef = C7BEF5D91F03E4FD0038605E /* Provider.swift */; };
		C7C494DD208484120056D5E4 /* HelperService.swift in Sources */ = {isa = PBXBuildFile; fileRef = C71847BF1F0E49F100296C61 /* HelperService.swift */; };
		C7C494DE208484120056D5E4 /* ProviderService.swift in Sources */ = {isa = PBXBuildFile; fileRef = C71847C11F0E4A1B00296C61 /* ProviderService.swift */; };
		C7C494DF208484120056D5E4 /* AuthenticationService.swift in Sources */ = {isa = PBXBuildFile; fileRef = C71847C31F0E4A4A00296C61 /* AuthenticationService.swift */; };
		C7C494E0208484120056D5E4 /* DurationTransformer.swift in Sources */ = {isa = PBXBuildFile; fileRef = C711B16E1F4D864600E1C076 /* DurationTransformer.swift */; };
		C7C494E1208484120056D5E4 /* ChooseProviderViewController.swift in Sources */ = {isa = PBXBuildFile; fileRef = C7BEF5D71F03E4B50038605E /* ChooseProviderViewController.swift */; };
		C7C494E2208484120056D5E4 /* Either.swift in Sources */ = {isa = PBXBuildFile; fileRef = C7FA902D1F0BD1A60037FF88 /* Either.swift */; };
		C7C494E3208484120056D5E4 /* ChooseProfileViewController.swift in Sources */ = {isa = PBXBuildFile; fileRef = C732CEA31F0F720800698F28 /* ChooseProfileViewController.swift */; };
		C7C494E4208484120056D5E4 /* ChooseConnectionTypeViewController.swift in Sources */ = {isa = PBXBuildFile; fileRef = C71847C71F0E5E2800296C61 /* ChooseConnectionTypeViewController.swift */; };
		C7C494E6208484120056D5E4 /* PreferencesService.swift in Sources */ = {isa = PBXBuildFile; fileRef = C75527F91F3C55F100076078 /* PreferencesService.swift */; };
		C7C494E7208484120056D5E4 /* AppDelegate.swift in Sources */ = {isa = PBXBuildFile; fileRef = C7BEF5C81F03E0D80038605E /* AppDelegate.swift */; };
		C7C494E8208484120056D5E4 /* ConnectionService.swift in Sources */ = {isa = PBXBuildFile; fileRef = C765819C1F063C47003DEC92 /* ConnectionService.swift */; };
		C7C494E9208484120056D5E4 /* ConfigurationService.swift in Sources */ = {isa = PBXBuildFile; fileRef = C71847C51F0E5AC600296C61 /* ConfigurationService.swift */; };
		C7C494EA208484120056D5E4 /* PreferencesViewController.swift in Sources */ = {isa = PBXBuildFile; fileRef = C71912551F3C6942005409E0 /* PreferencesViewController.swift */; };
		C7C494EB208484120056D5E4 /* ConnectionViewController.swift in Sources */ = {isa = PBXBuildFile; fileRef = C7BEF5DF1F03F4220038605E /* ConnectionViewController.swift */; };
		C7C494EC208484120056D5E4 /* ServiceContainer.swift in Sources */ = {isa = PBXBuildFile; fileRef = C765819A1F063BC9003DEC92 /* ServiceContainer.swift */; };
		C7C494ED208484120056D5E4 /* MainViewController.swift in Sources */ = {isa = PBXBuildFile; fileRef = C75527DB1F3B55B700076078 /* MainViewController.swift */; };
		C7C494EE208484120056D5E4 /* ProvidersViewController.swift in Sources */ = {isa = PBXBuildFile; fileRef = C7F345161F955473002120B9 /* ProvidersViewController.swift */; };
		C7C494EF208484120056D5E4 /* Message.swift in Sources */ = {isa = PBXBuildFile; fileRef = C78250A51FC7291000B33892 /* Message.swift */; };
		C7C494F0208484120056D5E4 /* Enter2FAViewController.swift in Sources */ = {isa = PBXBuildFile; fileRef = C761DF061FE4002A009F0154 /* Enter2FAViewController.swift */; };
		C7C494F1208484120056D5E4 /* AuthenticatingViewController.swift in Sources */ = {isa = PBXBuildFile; fileRef = C7BEF5DD1F03F4020038605E /* AuthenticatingViewController.swift */; };
		C7C494F2208484120056D5E4 /* MainWindowController.swift in Sources */ = {isa = PBXBuildFile; fileRef = C7BEF5DB1F03F2CA0038605E /* MainWindowController.swift */; };
		C7C494F4208484120056D5E4 /* AppAuth.framework in Frameworks */ = {isa = PBXBuildFile; fileRef = C72A55791F0D9FF2001DCA24 /* AppAuth.framework */; };
		C7C494F5208484120056D5E4 /* Sparkle.framework in Frameworks */ = {isa = PBXBuildFile; fileRef = C741F43C1FC6DE9000B1EB83 /* Sparkle.framework */; };
		C7C494F6208484120056D5E4 /* ServiceManagement.framework in Frameworks */ = {isa = PBXBuildFile; fileRef = C7D15FD31F0D166800719F38 /* ServiceManagement.framework */; };
		C7C494F8208484120056D5E4 /* Security.framework in Frameworks */ = {isa = PBXBuildFile; fileRef = C72AD7031F0A6AEE006DBDA5 /* Security.framework */; };
		C7C494F9208484120056D5E4 /* Cocoa.framework in Frameworks */ = {isa = PBXBuildFile; fileRef = C7D15FD01F0D165900719F38 /* Cocoa.framework */; };
		C7C494FA208484120056D5E4 /* Sodium.framework in Frameworks */ = {isa = PBXBuildFile; fileRef = C74487051F194FAB0072B472 /* Sodium.framework */; };
		C7C494FE208484120056D5E4 /* Defaults.plist in Resources */ = {isa = PBXBuildFile; fileRef = C71912571F3C8486005409E0 /* Defaults.plist */; };
		C7C494FF208484120056D5E4 /* dsa_pub.pem in Resources */ = {isa = PBXBuildFile; fileRef = C741F4411FC6E2D400B1EB83 /* dsa_pub.pem */; };
		C7C49501208484120056D5E4 /* Sparkle.framework.dSYM in Resources */ = {isa = PBXBuildFile; fileRef = C741F43B1FC6DE9000B1EB83 /* Sparkle.framework.dSYM */; };
		C7C49503208484120056D5E4 /* Reachability.framework.dSYM in Resources */ = {isa = PBXBuildFile; fileRef = C761E2DF2080B08200A98B90 /* Reachability.framework.dSYM */; };
		C7C49505208484120056D5E4 /* org.eduvpn.app.openvpnhelper in CopyFiles */ = {isa = PBXBuildFile; fileRef = C72AD6F31F0A692F006DBDA5 /* org.eduvpn.app.openvpnhelper */; settings = {ATTRIBUTES = (CodeSignOnCopy, ); }; };
		C7C49507208484120056D5E4 /* LoginItemHelper.app in CopyFiles */ = {isa = PBXBuildFile; fileRef = C75527E11F3C531B00076078 /* LoginItemHelper.app */; settings = {ATTRIBUTES = (RemoveHeadersOnCopy, ); }; };
		C7C49509208484120056D5E4 /* Kingfisher.framework in Embed Frameworks */ = {isa = PBXBuildFile; fileRef = C71847CD1F0E7EAF00296C61 /* Kingfisher.framework */; settings = {ATTRIBUTES = (CodeSignOnCopy, RemoveHeadersOnCopy, ); }; };
		C7C4950A208484120056D5E4 /* Sodium.framework in Embed Frameworks */ = {isa = PBXBuildFile; fileRef = C74487051F194FAB0072B472 /* Sodium.framework */; settings = {ATTRIBUTES = (CodeSignOnCopy, RemoveHeadersOnCopy, ); }; };
		C7C4950B208484120056D5E4 /* Reachability.framework in Embed Frameworks */ = {isa = PBXBuildFile; fileRef = C761E2DD2080B07B00A98B90 /* Reachability.framework */; settings = {ATTRIBUTES = (CodeSignOnCopy, RemoveHeadersOnCopy, ); }; };
		C7C4950C208484120056D5E4 /* AppAuth.framework in Embed Frameworks */ = {isa = PBXBuildFile; fileRef = C72A55791F0D9FF2001DCA24 /* AppAuth.framework */; settings = {ATTRIBUTES = (CodeSignOnCopy, RemoveHeadersOnCopy, ); }; };
		C7C4950D208484120056D5E4 /* Sparkle.framework in Embed Frameworks */ = {isa = PBXBuildFile; fileRef = C741F43C1FC6DE9000B1EB83 /* Sparkle.framework */; settings = {ATTRIBUTES = (CodeSignOnCopy, RemoveHeadersOnCopy, ); }; };
		C7C4950F208484120056D5E4 /* AppAuth.framework.dSYM in CopyFiles */ = {isa = PBXBuildFile; fileRef = C72A557E1F0DA01C001DCA24 /* AppAuth.framework.dSYM */; };
		C7C49510208484120056D5E4 /* Kingfisher.framework.dSYM in CopyFiles */ = {isa = PBXBuildFile; fileRef = C71847CB1F0E7C7700296C61 /* Kingfisher.framework.dSYM */; };
		C7C49511208484120056D5E4 /* Sodium.framework.dSYM in CopyFiles */ = {isa = PBXBuildFile; fileRef = C74487081F194FBA0072B472 /* Sodium.framework.dSYM */; };
		C7C4951820849DF20056D5E4 /* User.swift in Sources */ = {isa = PBXBuildFile; fileRef = C7C4951720849DF20056D5E4 /* User.swift */; };
		C7C4951F2084BE600056D5E4 /* Enroll2FAViewController.swift in Sources */ = {isa = PBXBuildFile; fileRef = C7C4951E2084BE600056D5E4 /* Enroll2FAViewController.swift */; };
		C7C495212084DE230056D5E4 /* TwoFactorService.swift in Sources */ = {isa = PBXBuildFile; fileRef = C7C495202084DE230056D5E4 /* TwoFactorService.swift */; };
		C7D15FD11F0D165900719F38 /* Cocoa.framework in Frameworks */ = {isa = PBXBuildFile; fileRef = C7D15FD01F0D165900719F38 /* Cocoa.framework */; };
		C7D15FD21F0D166100719F38 /* Security.framework in Frameworks */ = {isa = PBXBuildFile; fileRef = C72AD7031F0A6AEE006DBDA5 /* Security.framework */; };
		C7D15FD41F0D166800719F38 /* ServiceManagement.framework in Frameworks */ = {isa = PBXBuildFile; fileRef = C7D15FD31F0D166800719F38 /* ServiceManagement.framework */; };
		C7D15FD51F0D183600719F38 /* org.eduvpn.app.openvpnhelper in CopyFiles */ = {isa = PBXBuildFile; fileRef = C72AD6F31F0A692F006DBDA5 /* org.eduvpn.app.openvpnhelper */; settings = {ATTRIBUTES = (CodeSignOnCopy, ); }; };
		C7F345171F955473002120B9 /* ProvidersViewController.swift in Sources */ = {isa = PBXBuildFile; fileRef = C7F345161F955473002120B9 /* ProvidersViewController.swift */; };
		C7FA902E1F0BD1A60037FF88 /* Either.swift in Sources */ = {isa = PBXBuildFile; fileRef = C7FA902D1F0BD1A60037FF88 /* Either.swift */; };
/* End PBXBuildFile section */

/* Begin PBXContainerItemProxy section */
		C72AD70A1F0A7848006DBDA5 /* PBXContainerItemProxy */ = {
			isa = PBXContainerItemProxy;
			containerPortal = C7BEF5BD1F03E0D70038605E /* Project object */;
			proxyType = 1;
			remoteGlobalIDString = C72AD6F21F0A692F006DBDA5;
			remoteInfo = com.egeniq.projects.eduvpn.openvpnhelper;
		};
		C75527F71F3C546900076078 /* PBXContainerItemProxy */ = {
			isa = PBXContainerItemProxy;
			containerPortal = C7BEF5BD1F03E0D70038605E /* Project object */;
			proxyType = 1;
			remoteGlobalIDString = C75527E01F3C531B00076078;
			remoteInfo = LoginItemHelper;
		};
		C7C494D4208484120056D5E4 /* PBXContainerItemProxy */ = {
			isa = PBXContainerItemProxy;
			containerPortal = C7BEF5BD1F03E0D70038605E /* Project object */;
			proxyType = 1;
			remoteGlobalIDString = C75527E01F3C531B00076078;
			remoteInfo = LoginItemHelper;
		};
		C7C494D6208484120056D5E4 /* PBXContainerItemProxy */ = {
			isa = PBXContainerItemProxy;
			containerPortal = C7BEF5BD1F03E0D70038605E /* Project object */;
			proxyType = 1;
			remoteGlobalIDString = C72AD6F21F0A692F006DBDA5;
			remoteInfo = com.egeniq.projects.eduvpn.openvpnhelper;
		};
/* End PBXContainerItemProxy section */

/* Begin PBXCopyFilesBuildPhase section */
		C72A557C1F0D9FF2001DCA24 /* Embed Frameworks */ = {
			isa = PBXCopyFilesBuildPhase;
			buildActionMask = 2147483647;
			dstPath = "";
			dstSubfolderSpec = 10;
			files = (
				C71847CF1F0E7EAF00296C61 /* Kingfisher.framework in Embed Frameworks */,
				C74487071F194FAB0072B472 /* Sodium.framework in Embed Frameworks */,
				C761E2E22080B08C00A98B90 /* Reachability.framework in Embed Frameworks */,
				C789DCD320C7E41100A0668E /* Socket.framework in Embed Frameworks */,
				C72A557B1F0D9FF2001DCA24 /* AppAuth.framework in Embed Frameworks */,
				C741F4401FC6DEED00B1EB83 /* Sparkle.framework in Embed Frameworks */,
			);
			name = "Embed Frameworks";
			runOnlyForDeploymentPostprocessing = 0;
		};
		C72A557D1F0DA005001DCA24 /* CopyFiles */ = {
			isa = PBXCopyFilesBuildPhase;
			buildActionMask = 2147483647;
			dstPath = "";
			dstSubfolderSpec = 16;
			files = (
				C72A557F1F0DA01C001DCA24 /* AppAuth.framework.dSYM in CopyFiles */,
				C789DCD420C7E41B00A0668E /* Socket.framework.dSYM in CopyFiles */,
				C71847CC1F0E7C7700296C61 /* Kingfisher.framework.dSYM in CopyFiles */,
				C789DCC320C727B900A0668E /* Reachability.framework.dSYM in CopyFiles */,
				C74487091F194FBA0072B472 /* Sodium.framework.dSYM in CopyFiles */,
				C789DCC420C727BE00A0668E /* Sparkle.framework.dSYM in CopyFiles */,
			);
			runOnlyForDeploymentPostprocessing = 0;
		};
		C72AD6ED1F0A6641006DBDA5 /* CopyFiles */ = {
			isa = PBXCopyFilesBuildPhase;
			buildActionMask = 2147483647;
			dstPath = Contents/Library/LaunchServices;
			dstSubfolderSpec = 1;
			files = (
				C7D15FD51F0D183600719F38 /* org.eduvpn.app.openvpnhelper in CopyFiles */,
			);
			runOnlyForDeploymentPostprocessing = 0;
		};
		C75527F51F3C543600076078 /* CopyFiles */ = {
			isa = PBXCopyFilesBuildPhase;
			buildActionMask = 2147483647;
			dstPath = Contents/Library/LoginItems;
			dstSubfolderSpec = 1;
			files = (
				C75527F61F3C545800076078 /* LoginItemHelper.app in CopyFiles */,
			);
			runOnlyForDeploymentPostprocessing = 0;
		};
		C7C49504208484120056D5E4 /* CopyFiles */ = {
			isa = PBXCopyFilesBuildPhase;
			buildActionMask = 2147483647;
			dstPath = Contents/Library/LaunchServices;
			dstSubfolderSpec = 1;
			files = (
				C7C49505208484120056D5E4 /* org.eduvpn.app.openvpnhelper in CopyFiles */,
			);
			runOnlyForDeploymentPostprocessing = 0;
		};
		C7C49506208484120056D5E4 /* CopyFiles */ = {
			isa = PBXCopyFilesBuildPhase;
			buildActionMask = 2147483647;
			dstPath = Contents/Library/LoginItems;
			dstSubfolderSpec = 1;
			files = (
				C7C49507208484120056D5E4 /* LoginItemHelper.app in CopyFiles */,
			);
			runOnlyForDeploymentPostprocessing = 0;
		};
		C7C49508208484120056D5E4 /* Embed Frameworks */ = {
			isa = PBXCopyFilesBuildPhase;
			buildActionMask = 2147483647;
			dstPath = "";
			dstSubfolderSpec = 10;
			files = (
				C7C49509208484120056D5E4 /* Kingfisher.framework in Embed Frameworks */,
				C7C4950A208484120056D5E4 /* Sodium.framework in Embed Frameworks */,
				C7C4950B208484120056D5E4 /* Reachability.framework in Embed Frameworks */,
				C789DCD120C7E3ED00A0668E /* Socket.framework in Embed Frameworks */,
				C7C4950C208484120056D5E4 /* AppAuth.framework in Embed Frameworks */,
				C7C4950D208484120056D5E4 /* Sparkle.framework in Embed Frameworks */,
			);
			name = "Embed Frameworks";
			runOnlyForDeploymentPostprocessing = 0;
		};
		C7C4950E208484120056D5E4 /* CopyFiles */ = {
			isa = PBXCopyFilesBuildPhase;
			buildActionMask = 2147483647;
			dstPath = "";
			dstSubfolderSpec = 16;
			files = (
				C7C4950F208484120056D5E4 /* AppAuth.framework.dSYM in CopyFiles */,
				C7C49510208484120056D5E4 /* Kingfisher.framework.dSYM in CopyFiles */,
				C789DCC620C727CB00A0668E /* Reachability.framework.dSYM in CopyFiles */,
				C789DCCF20C7E3E000A0668E /* Socket.framework.dSYM in CopyFiles */,
				C7C49511208484120056D5E4 /* Sodium.framework.dSYM in CopyFiles */,
				C789DCC720C727CF00A0668E /* Sparkle.framework.dSYM in CopyFiles */,
			);
			runOnlyForDeploymentPostprocessing = 0;
		};
/* End PBXCopyFilesBuildPhase section */

/* Begin PBXFileReference section */
		C711B16E1F4D864600E1C076 /* DurationTransformer.swift */ = {isa = PBXFileReference; fileEncoding = 4; lastKnownFileType = sourcecode.swift; name = DurationTransformer.swift; path = eduVPN/DurationTransformer.swift; sourceTree = SOURCE_ROOT; };
		C71847BF1F0E49F100296C61 /* HelperService.swift */ = {isa = PBXFileReference; fileEncoding = 4; lastKnownFileType = sourcecode.swift; path = HelperService.swift; sourceTree = "<group>"; };
		C71847C11F0E4A1B00296C61 /* ProviderService.swift */ = {isa = PBXFileReference; fileEncoding = 4; lastKnownFileType = sourcecode.swift; path = ProviderService.swift; sourceTree = "<group>"; };
		C71847C31F0E4A4A00296C61 /* AuthenticationService.swift */ = {isa = PBXFileReference; fileEncoding = 4; lastKnownFileType = sourcecode.swift; path = AuthenticationService.swift; sourceTree = "<group>"; };
		C71847C51F0E5AC600296C61 /* ConfigurationService.swift */ = {isa = PBXFileReference; fileEncoding = 4; lastKnownFileType = sourcecode.swift; path = ConfigurationService.swift; sourceTree = "<group>"; };
		C71847C71F0E5E2800296C61 /* ChooseConnectionTypeViewController.swift */ = {isa = PBXFileReference; fileEncoding = 4; lastKnownFileType = sourcecode.swift; path = ChooseConnectionTypeViewController.swift; sourceTree = "<group>"; };
		C71847CB1F0E7C7700296C61 /* Kingfisher.framework.dSYM */ = {isa = PBXFileReference; lastKnownFileType = wrapper.dsym; name = Kingfisher.framework.dSYM; path = Carthage/Build/Mac/Kingfisher.framework.dSYM; sourceTree = "<group>"; };
		C71847CD1F0E7EAF00296C61 /* Kingfisher.framework */ = {isa = PBXFileReference; lastKnownFileType = wrapper.framework; name = Kingfisher.framework; path = Carthage/Build/Mac/Kingfisher.framework; sourceTree = "<group>"; };
		C71912551F3C6942005409E0 /* PreferencesViewController.swift */ = {isa = PBXFileReference; fileEncoding = 4; lastKnownFileType = sourcecode.swift; path = PreferencesViewController.swift; sourceTree = "<group>"; };
		C71912571F3C8486005409E0 /* Defaults.plist */ = {isa = PBXFileReference; fileEncoding = 4; lastKnownFileType = text.plist.xml; path = Defaults.plist; sourceTree = "<group>"; };
		C72A55791F0D9FF2001DCA24 /* AppAuth.framework */ = {isa = PBXFileReference; lastKnownFileType = wrapper.framework; name = AppAuth.framework; path = Carthage/Build/Mac/AppAuth.framework; sourceTree = "<group>"; };
		C72A557E1F0DA01C001DCA24 /* AppAuth.framework.dSYM */ = {isa = PBXFileReference; lastKnownFileType = wrapper.dsym; name = AppAuth.framework.dSYM; path = Carthage/Build/Mac/AppAuth.framework.dSYM; sourceTree = "<group>"; };
		C72AD6F31F0A692F006DBDA5 /* org.eduvpn.app.openvpnhelper */ = {isa = PBXFileReference; explicitFileType = "compiled.mach-o.executable"; includeInIndex = 0; path = org.eduvpn.app.openvpnhelper; sourceTree = BUILT_PRODUCTS_DIR; };
		C72AD6F51F0A692F006DBDA5 /* main.m */ = {isa = PBXFileReference; lastKnownFileType = sourcecode.c.objc; lineEnding = 0; path = main.m; sourceTree = "<group>"; xcLanguageSpecificationIdentifier = xcode.lang.objc; };
		C72AD6FB1F0A69BF006DBDA5 /* OpenVPNHelper.h */ = {isa = PBXFileReference; fileEncoding = 4; lastKnownFileType = sourcecode.c.h; lineEnding = 0; path = OpenVPNHelper.h; sourceTree = "<group>"; xcLanguageSpecificationIdentifier = xcode.lang.objcpp; };
		C72AD6FC1F0A69BF006DBDA5 /* OpenVPNHelper.m */ = {isa = PBXFileReference; fileEncoding = 4; lastKnownFileType = sourcecode.c.objc; path = OpenVPNHelper.m; sourceTree = "<group>"; };
		C72AD6FE1F0A6AB2006DBDA5 /* OpenVPNHelper-Info.plist */ = {isa = PBXFileReference; lastKnownFileType = text.plist.xml; path = "OpenVPNHelper-Info.plist"; sourceTree = "<group>"; };
		C72AD6FF1F0A6AB2006DBDA5 /* OpenVPNHelper-Launchd.plist */ = {isa = PBXFileReference; lastKnownFileType = text.plist.xml; path = "OpenVPNHelper-Launchd.plist"; sourceTree = "<group>"; };
		C72AD7011F0A6AE9006DBDA5 /* Foundation.framework */ = {isa = PBXFileReference; lastKnownFileType = wrapper.framework; name = Foundation.framework; path = System/Library/Frameworks/Foundation.framework; sourceTree = SDKROOT; };
		C72AD7031F0A6AEE006DBDA5 /* Security.framework */ = {isa = PBXFileReference; lastKnownFileType = wrapper.framework; name = Security.framework; path = System/Library/Frameworks/Security.framework; sourceTree = SDKROOT; };
		C72AD7051F0A6BFF006DBDA5 /* eduVPN-Bridging-Header.h */ = {isa = PBXFileReference; lastKnownFileType = sourcecode.c.h; path = "eduVPN-Bridging-Header.h"; sourceTree = "<group>"; };
		C732CEA31F0F720800698F28 /* ChooseProfileViewController.swift */ = {isa = PBXFileReference; fileEncoding = 4; lastKnownFileType = sourcecode.swift; path = ChooseProfileViewController.swift; sourceTree = "<group>"; };
		C732CEA71F0F7B7600698F28 /* String+URL.swift */ = {isa = PBXFileReference; fileEncoding = 4; lastKnownFileType = sourcecode.swift; path = "String+URL.swift"; sourceTree = "<group>"; };
		C73690B6214267A5004AFB4E /* URL+Unused.swift */ = {isa = PBXFileReference; lastKnownFileType = sourcecode.swift; name = "URL+Unused.swift"; path = "eduVPN/URL+Unused.swift"; sourceTree = SOURCE_ROOT; };
		C73690B92142D04D004AFB4E /* ChangeLog.md */ = {isa = PBXFileReference; lastKnownFileType = net.daringfireball.markdown; path = ChangeLog.md; sourceTree = "<group>"; };
		C741F43B1FC6DE9000B1EB83 /* Sparkle.framework.dSYM */ = {isa = PBXFileReference; lastKnownFileType = wrapper.dsym; name = Sparkle.framework.dSYM; path = Carthage/Build/Mac/Sparkle.framework.dSYM; sourceTree = "<group>"; };
		C741F43C1FC6DE9000B1EB83 /* Sparkle.framework */ = {isa = PBXFileReference; lastKnownFileType = wrapper.framework; name = Sparkle.framework; path = Carthage/Build/Mac/Sparkle.framework; sourceTree = "<group>"; };
		C741F4411FC6E2D400B1EB83 /* dsa_pub.pem */ = {isa = PBXFileReference; fileEncoding = 4; lastKnownFileType = text; path = dsa_pub.pem; sourceTree = "<group>"; };
		C74487051F194FAB0072B472 /* Sodium.framework */ = {isa = PBXFileReference; lastKnownFileType = wrapper.framework; name = Sodium.framework; path = Carthage/Build/Mac/Sodium.framework; sourceTree = "<group>"; };
		C74487081F194FBA0072B472 /* Sodium.framework.dSYM */ = {isa = PBXFileReference; lastKnownFileType = wrapper.dsym; name = Sodium.framework.dSYM; path = Carthage/Build/Mac/Sodium.framework.dSYM; sourceTree = "<group>"; };
		C748DDD222302BC100B81A13 /* openvpn-2.4.7-openssl-1.1.1b */ = {isa = PBXFileReference; lastKnownFileType = folder; path = "openvpn-2.4.7-openssl-1.1.1b"; sourceTree = SOURCE_ROOT; };
		C75527DB1F3B55B700076078 /* MainViewController.swift */ = {isa = PBXFileReference; fileEncoding = 4; lastKnownFileType = sourcecode.swift; name = MainViewController.swift; path = eduVPN/MainViewController.swift; sourceTree = SOURCE_ROOT; };
		C75527E11F3C531B00076078 /* LoginItemHelper.app */ = {isa = PBXFileReference; explicitFileType = wrapper.application; includeInIndex = 0; path = LoginItemHelper.app; sourceTree = BUILT_PRODUCTS_DIR; };
		C75527E31F3C531B00076078 /* AppDelegate.h */ = {isa = PBXFileReference; lastKnownFileType = sourcecode.c.h; path = AppDelegate.h; sourceTree = "<group>"; };
		C75527E41F3C531B00076078 /* AppDelegate.m */ = {isa = PBXFileReference; lastKnownFileType = sourcecode.c.objc; path = AppDelegate.m; sourceTree = "<group>"; };
		C75527E71F3C531B00076078 /* main.m */ = {isa = PBXFileReference; lastKnownFileType = sourcecode.c.objc; path = main.m; sourceTree = "<group>"; };
		C75527EC1F3C531B00076078 /* Assets.xcassets */ = {isa = PBXFileReference; lastKnownFileType = folder.assetcatalog; path = Assets.xcassets; sourceTree = "<group>"; };
		C75527EF1F3C531B00076078 /* Base */ = {isa = PBXFileReference; lastKnownFileType = file.storyboard; name = Base; path = Base.lproj/Main.storyboard; sourceTree = "<group>"; };
		C75527F11F3C531B00076078 /* Info.plist */ = {isa = PBXFileReference; lastKnownFileType = text.plist.xml; path = Info.plist; sourceTree = "<group>"; };
		C75527F91F3C55F100076078 /* PreferencesService.swift */ = {isa = PBXFileReference; fileEncoding = 4; lastKnownFileType = sourcecode.swift; path = PreferencesService.swift; sourceTree = "<group>"; };
		C75C8F4720B56AF3004B028C /* IPAddress.swift */ = {isa = PBXFileReference; lastKnownFileType = sourcecode.swift; path = IPAddress.swift; sourceTree = "<group>"; };
		C761DF061FE4002A009F0154 /* Enter2FAViewController.swift */ = {isa = PBXFileReference; lastKnownFileType = sourcecode.swift; name = Enter2FAViewController.swift; path = eduVPN/Enter2FAViewController.swift; sourceTree = SOURCE_ROOT; };
		C761E2DD2080B07B00A98B90 /* Reachability.framework */ = {isa = PBXFileReference; lastKnownFileType = wrapper.framework; name = Reachability.framework; path = Carthage/Build/Mac/Reachability.framework; sourceTree = "<group>"; };
		C761E2DF2080B08200A98B90 /* Reachability.framework.dSYM */ = {isa = PBXFileReference; lastKnownFileType = wrapper.dsym; name = Reachability.framework.dSYM; path = Carthage/Build/Mac/Reachability.framework.dSYM; sourceTree = "<group>"; };
		C765819A1F063BC9003DEC92 /* ServiceContainer.swift */ = {isa = PBXFileReference; fileEncoding = 4; lastKnownFileType = sourcecode.swift; path = ServiceContainer.swift; sourceTree = "<group>"; };
		C765819C1F063C47003DEC92 /* ConnectionService.swift */ = {isa = PBXFileReference; fileEncoding = 4; lastKnownFileType = sourcecode.swift; lineEnding = 0; path = ConnectionService.swift; sourceTree = "<group>"; xcLanguageSpecificationIdentifier = xcode.lang.swift; };
		C766150D2125B4F2002A8E4D /* Debug.swift */ = {isa = PBXFileReference; lastKnownFileType = sourcecode.swift; name = Debug.swift; path = eduVPN/Debug.swift; sourceTree = SOURCE_ROOT; };
		C766FB86212D6AF000306271 /* eduVPNAssets.xcassets */ = {isa = PBXFileReference; lastKnownFileType = folder.assetcatalog; path = eduVPNAssets.xcassets; sourceTree = "<group>"; };
		C766FB88212D6AF900306271 /* LetsConnectAssets.xcassets */ = {isa = PBXFileReference; lastKnownFileType = folder.assetcatalog; path = LetsConnectAssets.xcassets; sourceTree = "<group>"; };
		C76A83FC2158DD110017DBE1 /* NSAlert+Custom.swift */ = {isa = PBXFileReference; lastKnownFileType = sourcecode.swift; name = "NSAlert+Custom.swift"; path = "eduVPN/NSAlert+Custom.swift"; sourceTree = SOURCE_ROOT; };
		C774BCF821465EB2003FF7C8 /* AppConfigType.swift */ = {isa = PBXFileReference; lastKnownFileType = sourcecode.swift; name = AppConfigType.swift; path = eduVPN/AppConfigType.swift; sourceTree = SOURCE_ROOT; };
		C774BCFD21466BAD003FF7C8 /* AppConfig.swift */ = {isa = PBXFileReference; lastKnownFileType = sourcecode.swift; name = AppConfig.swift; path = eduVPN/Targets/eduVPN/AppConfig.swift; sourceTree = SOURCE_ROOT; };
		C774BCFF21466BB8003FF7C8 /* AppConfig.swift */ = {isa = PBXFileReference; lastKnownFileType = sourcecode.swift; name = AppConfig.swift; path = eduVPN/Targets/LetsConnect/AppConfig.swift; sourceTree = SOURCE_ROOT; };
		C774BD0121469C51003FF7C8 /* EnterCredentialsViewController.swift */ = {isa = PBXFileReference; lastKnownFileType = sourcecode.swift; path = EnterCredentialsViewController.swift; sourceTree = "<group>"; };
		C775F5F021397FF70092D09A /* SecurityInterface.framework */ = {isa = PBXFileReference; lastKnownFileType = wrapper.framework; name = SecurityInterface.framework; path = System/Library/Frameworks/SecurityInterface.framework; sourceTree = SDKROOT; };
		C77EF61220876B5A0097DEB2 /* String+Random.swift */ = {isa = PBXFileReference; lastKnownFileType = sourcecode.swift; path = "String+Random.swift"; sourceTree = "<group>"; };
		C77FB52C214D3FED0046B887 /* LoginItemHelper.entitlements */ = {isa = PBXFileReference; lastKnownFileType = text.plist.entitlements; path = LoginItemHelper.entitlements; sourceTree = "<group>"; };
		C78250A51FC7291000B33892 /* Message.swift */ = {isa = PBXFileReference; lastKnownFileType = sourcecode.swift; name = Message.swift; path = eduVPN/Message.swift; sourceTree = SOURCE_ROOT; };
		C784BAF1214C768E00F5A01F /* eduVPN.entitlements */ = {isa = PBXFileReference; lastKnownFileType = text.plist.entitlements; name = eduVPN.entitlements; path = eduVPN/Targets/eduVPN/eduVPN.entitlements; sourceTree = SOURCE_ROOT; };
		C784BAF2214C76C000F5A01F /* Let's Connect!.entitlements */ = {isa = PBXFileReference; lastKnownFileType = text.plist.entitlements; path = "Let's Connect!.entitlements"; sourceTree = "<group>"; };
		C789DCC920C7E3CA00A0668E /* Socket.framework */ = {isa = PBXFileReference; lastKnownFileType = wrapper.framework; name = Socket.framework; path = Carthage/Build/Mac/Socket.framework; sourceTree = "<group>"; };
		C789DCCA20C7E3CB00A0668E /* Socket.framework.dSYM */ = {isa = PBXFileReference; lastKnownFileType = wrapper.dsym; name = Socket.framework.dSYM; path = Carthage/Build/Mac/Socket.framework.dSYM; sourceTree = "<group>"; };
		C789DCD520C8227000A0668E /* KeychainService.swift */ = {isa = PBXFileReference; lastKnownFileType = sourcecode.swift; name = KeychainService.swift; path = eduVPN/KeychainService.swift; sourceTree = SOURCE_ROOT; };
		C7A4E1211FACD09C00B21262 /* EnterProviderURLViewController.swift */ = {isa = PBXFileReference; lastKnownFileType = sourcecode.swift; name = EnterProviderURLViewController.swift; path = eduVPN/EnterProviderURLViewController.swift; sourceTree = SOURCE_ROOT; };
		C7A9F1D01FB3C81B007A752F /* ReadMe.md */ = {isa = PBXFileReference; lastKnownFileType = net.daringfireball.markdown; path = ReadMe.md; sourceTree = "<group>"; };
		C7BEF5C51F03E0D80038605E /* eduVPN.app */ = {isa = PBXFileReference; explicitFileType = wrapper.application; includeInIndex = 0; path = eduVPN.app; sourceTree = BUILT_PRODUCTS_DIR; };
		C7BEF5C81F03E0D80038605E /* AppDelegate.swift */ = {isa = PBXFileReference; lastKnownFileType = sourcecode.swift; path = AppDelegate.swift; sourceTree = "<group>"; };
		C7BEF5CF1F03E0D80038605E /* Base */ = {isa = PBXFileReference; lastKnownFileType = file.storyboard; name = Base; path = Base.lproj/Main.storyboard; sourceTree = "<group>"; };
		C7BEF5D11F03E0D80038605E /* eduVPN-Info.plist */ = {isa = PBXFileReference; lastKnownFileType = text.plist.xml; name = "eduVPN-Info.plist"; path = "../eduVPN/eduVPN-Info.plist"; sourceTree = "<group>"; };
		C7BEF5D71F03E4B50038605E /* ChooseProviderViewController.swift */ = {isa = PBXFileReference; fileEncoding = 4; lastKnownFileType = sourcecode.swift; path = ChooseProviderViewController.swift; sourceTree = "<group>"; };
		C7BEF5D91F03E4FD0038605E /* Provider.swift */ = {isa = PBXFileReference; fileEncoding = 4; lastKnownFileType = sourcecode.swift; path = Provider.swift; sourceTree = "<group>"; };
		C7BEF5DB1F03F2CA0038605E /* MainWindowController.swift */ = {isa = PBXFileReference; fileEncoding = 4; lastKnownFileType = sourcecode.swift; path = MainWindowController.swift; sourceTree = "<group>"; };
		C7BEF5DD1F03F4020038605E /* AuthenticatingViewController.swift */ = {isa = PBXFileReference; fileEncoding = 4; lastKnownFileType = sourcecode.swift; path = AuthenticatingViewController.swift; sourceTree = "<group>"; };
		C7BEF5DF1F03F4220038605E /* ConnectionViewController.swift */ = {isa = PBXFileReference; fileEncoding = 4; lastKnownFileType = sourcecode.swift; path = ConnectionViewController.swift; sourceTree = "<group>"; };
		C7C49515208484120056D5E4 /* Let's Connect!.app */ = {isa = PBXFileReference; explicitFileType = wrapper.application; includeInIndex = 0; path = "Let's Connect!.app"; sourceTree = BUILT_PRODUCTS_DIR; };
		C7C49516208484120056D5E4 /* LetsConnect-Info.plist */ = {isa = PBXFileReference; lastKnownFileType = text.plist.xml; name = "LetsConnect-Info.plist"; path = "/Users/jkool/Developer/Egeniq/eduvpn-macos/LetsConnect-Info.plist"; sourceTree = "<absolute>"; };
		C7C4951720849DF20056D5E4 /* User.swift */ = {isa = PBXFileReference; lastKnownFileType = sourcecode.swift; name = User.swift; path = eduVPN/User.swift; sourceTree = SOURCE_ROOT; };
		C7C4951E2084BE600056D5E4 /* Enroll2FAViewController.swift */ = {isa = PBXFileReference; lastKnownFileType = sourcecode.swift; path = Enroll2FAViewController.swift; sourceTree = "<group>"; };
		C7C495202084DE230056D5E4 /* TwoFactorService.swift */ = {isa = PBXFileReference; lastKnownFileType = sourcecode.swift; path = TwoFactorService.swift; sourceTree = "<group>"; };
		C7D15FD01F0D165900719F38 /* Cocoa.framework */ = {isa = PBXFileReference; lastKnownFileType = wrapper.framework; name = Cocoa.framework; path = System/Library/Frameworks/Cocoa.framework; sourceTree = SDKROOT; };
		C7D15FD31F0D166800719F38 /* ServiceManagement.framework */ = {isa = PBXFileReference; lastKnownFileType = wrapper.framework; name = ServiceManagement.framework; path = System/Library/Frameworks/ServiceManagement.framework; sourceTree = SDKROOT; };
		C7F345161F955473002120B9 /* ProvidersViewController.swift */ = {isa = PBXFileReference; lastKnownFileType = sourcecode.swift; name = ProvidersViewController.swift; path = eduVPN/ProvidersViewController.swift; sourceTree = SOURCE_ROOT; };
		C7FA902D1F0BD1A60037FF88 /* Either.swift */ = {isa = PBXFileReference; fileEncoding = 4; lastKnownFileType = sourcecode.swift; path = Either.swift; sourceTree = "<group>"; };
/* End PBXFileReference section */

/* Begin PBXFrameworksBuildPhase section */
		C72AD6F01F0A692F006DBDA5 /* Frameworks */ = {
			isa = PBXFrameworksBuildPhase;
			buildActionMask = 2147483647;
			files = (
				C72AD7021F0A6AE9006DBDA5 /* Foundation.framework in Frameworks */,
				C72AD7041F0A6AEE006DBDA5 /* Security.framework in Frameworks */,
			);
			runOnlyForDeploymentPostprocessing = 0;
		};
		C75527DE1F3C531B00076078 /* Frameworks */ = {
			isa = PBXFrameworksBuildPhase;
			buildActionMask = 2147483647;
			files = (
			);
			runOnlyForDeploymentPostprocessing = 0;
		};
		C7BEF5C21F03E0D80038605E /* Frameworks */ = {
			isa = PBXFrameworksBuildPhase;
			buildActionMask = 2147483647;
			files = (
				C775F5F121397FF70092D09A /* SecurityInterface.framework in Frameworks */,
				C72A557A1F0D9FF2001DCA24 /* AppAuth.framework in Frameworks */,
				C789DCD220C7E41100A0668E /* Socket.framework in Frameworks */,
				C741F43E1FC6DE9000B1EB83 /* Sparkle.framework in Frameworks */,
				C7D15FD41F0D166800719F38 /* ServiceManagement.framework in Frameworks */,
				C761E2E12080B08C00A98B90 /* Reachability.framework in Frameworks */,
				C7D15FD21F0D166100719F38 /* Security.framework in Frameworks */,
				C7D15FD11F0D165900719F38 /* Cocoa.framework in Frameworks */,
				C74487061F194FAB0072B472 /* Sodium.framework in Frameworks */,
			);
			runOnlyForDeploymentPostprocessing = 0;
		};
		C7C494F3208484120056D5E4 /* Frameworks */ = {
			isa = PBXFrameworksBuildPhase;
			buildActionMask = 2147483647;
			files = (
				C775F5F2213980010092D09A /* SecurityInterface.framework in Frameworks */,
				C7C494F4208484120056D5E4 /* AppAuth.framework in Frameworks */,
				C7C494F5208484120056D5E4 /* Sparkle.framework in Frameworks */,
				C7C494F6208484120056D5E4 /* ServiceManagement.framework in Frameworks */,
				C7C494F8208484120056D5E4 /* Security.framework in Frameworks */,
				C7C494F9208484120056D5E4 /* Cocoa.framework in Frameworks */,
				C7C494FA208484120056D5E4 /* Sodium.framework in Frameworks */,
			);
			runOnlyForDeploymentPostprocessing = 0;
		};
/* End PBXFrameworksBuildPhase section */

/* Begin PBXGroup section */
		C72AD6F41F0A692F006DBDA5 /* OpenVPNHelper */ = {
			isa = PBXGroup;
			children = (
				C72AD6FE1F0A6AB2006DBDA5 /* OpenVPNHelper-Info.plist */,
				C72AD6FF1F0A6AB2006DBDA5 /* OpenVPNHelper-Launchd.plist */,
				C72AD6F51F0A692F006DBDA5 /* main.m */,
				C72AD6FB1F0A69BF006DBDA5 /* OpenVPNHelper.h */,
				C72AD6FC1F0A69BF006DBDA5 /* OpenVPNHelper.m */,
			);
			path = OpenVPNHelper;
			sourceTree = "<group>";
		};
		C72AD7001F0A6AE8006DBDA5 /* Frameworks */ = {
			isa = PBXGroup;
			children = (
				C775F5F021397FF70092D09A /* SecurityInterface.framework */,
				C72A55791F0D9FF2001DCA24 /* AppAuth.framework */,
				C72A557E1F0DA01C001DCA24 /* AppAuth.framework.dSYM */,
				C71847CD1F0E7EAF00296C61 /* Kingfisher.framework */,
				C71847CB1F0E7C7700296C61 /* Kingfisher.framework.dSYM */,
				C761E2DD2080B07B00A98B90 /* Reachability.framework */,
				C761E2DF2080B08200A98B90 /* Reachability.framework.dSYM */,
				C789DCC920C7E3CA00A0668E /* Socket.framework */,
				C789DCCA20C7E3CB00A0668E /* Socket.framework.dSYM */,
				C74487051F194FAB0072B472 /* Sodium.framework */,
				C74487081F194FBA0072B472 /* Sodium.framework.dSYM */,
				C741F43C1FC6DE9000B1EB83 /* Sparkle.framework */,
				C741F43B1FC6DE9000B1EB83 /* Sparkle.framework.dSYM */,
				C7D15FD31F0D166800719F38 /* ServiceManagement.framework */,
				C7D15FD01F0D165900719F38 /* Cocoa.framework */,
				C72AD7031F0A6AEE006DBDA5 /* Security.framework */,
				C72AD7011F0A6AE9006DBDA5 /* Foundation.framework */,
			);
			name = Frameworks;
			sourceTree = "<group>";
		};
		C75527E21F3C531B00076078 /* LoginItemHelper */ = {
			isa = PBXGroup;
			children = (
				C77FB52C214D3FED0046B887 /* LoginItemHelper.entitlements */,
				C75527E31F3C531B00076078 /* AppDelegate.h */,
				C75527E41F3C531B00076078 /* AppDelegate.m */,
				C75527EC1F3C531B00076078 /* Assets.xcassets */,
				C75527EE1F3C531B00076078 /* Main.storyboard */,
				C75527F11F3C531B00076078 /* Info.plist */,
				C75527E61F3C531B00076078 /* Supporting Files */,
			);
			path = LoginItemHelper;
			sourceTree = "<group>";
		};
		C75527E61F3C531B00076078 /* Supporting Files */ = {
			isa = PBXGroup;
			children = (
				C75527E71F3C531B00076078 /* main.m */,
			);
			name = "Supporting Files";
			sourceTree = "<group>";
		};
		C774BCF721465E78003FF7C8 /* Targets */ = {
			isa = PBXGroup;
			children = (
				C774BCFB21466B8B003FF7C8 /* eduVPN */,
				C774BCFC21466B99003FF7C8 /* LetsConnect */,
			);
			path = Targets;
			sourceTree = "<group>";
		};
		C774BCFB21466B8B003FF7C8 /* eduVPN */ = {
			isa = PBXGroup;
			children = (
				C784BAF1214C768E00F5A01F /* eduVPN.entitlements */,
				C774BCFD21466BAD003FF7C8 /* AppConfig.swift */,
			);
			path = eduVPN;
			sourceTree = "<group>";
		};
		C774BCFC21466B99003FF7C8 /* LetsConnect */ = {
			isa = PBXGroup;
			children = (
				C784BAF2214C76C000F5A01F /* Let's Connect!.entitlements */,
				C774BCFF21466BB8003FF7C8 /* AppConfig.swift */,
			);
			path = LetsConnect;
			sourceTree = "<group>";
		};
		C7BEF5BC1F03E0D70038605E = {
			isa = PBXGroup;
			children = (
				C7A9F1D01FB3C81B007A752F /* ReadMe.md */,
				C73690B92142D04D004AFB4E /* ChangeLog.md */,
				C7BEF5C71F03E0D80038605E /* eduVPN */,
				C72AD6F41F0A692F006DBDA5 /* OpenVPNHelper */,
				C75527E21F3C531B00076078 /* LoginItemHelper */,
				C7BEF5C61F03E0D80038605E /* Products */,
				C72AD7001F0A6AE8006DBDA5 /* Frameworks */,
			);
			sourceTree = "<group>";
		};
		C7BEF5C61F03E0D80038605E /* Products */ = {
			isa = PBXGroup;
			children = (
				C7BEF5C51F03E0D80038605E /* eduVPN.app */,
				C72AD6F31F0A692F006DBDA5 /* org.eduvpn.app.openvpnhelper */,
				C75527E11F3C531B00076078 /* LoginItemHelper.app */,
				C7C49515208484120056D5E4 /* Let's Connect!.app */,
			);
			name = Products;
			sourceTree = "<group>";
		};
		C7BEF5C71F03E0D80038605E /* eduVPN */ = {
			isa = PBXGroup;
			children = (
				C774BCF721465E78003FF7C8 /* Targets */,
				C7FA90281F0BA9BD0037FF88 /* Services */,
				C7FA90291F0BA9C50037FF88 /* Models */,
				C7FA90271F0BA9A60037FF88 /* Controllers */,
				C7FA902A1F0BA9F30037FF88 /* Resources */,
			);
			path = eduVPN;
			sourceTree = "<group>";
		};
		C7FA90271F0BA9A60037FF88 /* Controllers */ = {
			isa = PBXGroup;
			children = (
				C7BEF5C81F03E0D80038605E /* AppDelegate.swift */,
				C7BEF5DB1F03F2CA0038605E /* MainWindowController.swift */,
				C75527DB1F3B55B700076078 /* MainViewController.swift */,
				C7F345161F955473002120B9 /* ProvidersViewController.swift */,
				C71847C71F0E5E2800296C61 /* ChooseConnectionTypeViewController.swift */,
				C7A4E1211FACD09C00B21262 /* EnterProviderURLViewController.swift */,
				C774BD0121469C51003FF7C8 /* EnterCredentialsViewController.swift */,
				C7BEF5D71F03E4B50038605E /* ChooseProviderViewController.swift */,
				C7BEF5DD1F03F4020038605E /* AuthenticatingViewController.swift */,
				C732CEA31F0F720800698F28 /* ChooseProfileViewController.swift */,
				C7BEF5DF1F03F4220038605E /* ConnectionViewController.swift */,
				C71912551F3C6942005409E0 /* PreferencesViewController.swift */,
				C761DF061FE4002A009F0154 /* Enter2FAViewController.swift */,
				C7C4951E2084BE600056D5E4 /* Enroll2FAViewController.swift */,
				C711B16E1F4D864600E1C076 /* DurationTransformer.swift */,
			);
			name = Controllers;
			sourceTree = "<group>";
		};
		C7FA90281F0BA9BD0037FF88 /* Services */ = {
			isa = PBXGroup;
			children = (
				C765819A1F063BC9003DEC92 /* ServiceContainer.swift */,
				C71847BF1F0E49F100296C61 /* HelperService.swift */,
				C71847C11F0E4A1B00296C61 /* ProviderService.swift */,
				C71847C31F0E4A4A00296C61 /* AuthenticationService.swift */,
				C71847C51F0E5AC600296C61 /* ConfigurationService.swift */,
				C765819C1F063C47003DEC92 /* ConnectionService.swift */,
				C789DCD520C8227000A0668E /* KeychainService.swift */,
				C75527F91F3C55F100076078 /* PreferencesService.swift */,
				C7C495202084DE230056D5E4 /* TwoFactorService.swift */,
				C77EF61220876B5A0097DEB2 /* String+Random.swift */,
				C73690B6214267A5004AFB4E /* URL+Unused.swift */,
				C766150D2125B4F2002A8E4D /* Debug.swift */,
				C76A83FC2158DD110017DBE1 /* NSAlert+Custom.swift */,
			);
			name = Services;
			sourceTree = "<group>";
		};
		C7FA90291F0BA9C50037FF88 /* Models */ = {
			isa = PBXGroup;
			children = (
				C7BEF5D91F03E4FD0038605E /* Provider.swift */,
				C78250A51FC7291000B33892 /* Message.swift */,
				C7C4951720849DF20056D5E4 /* User.swift */,
				C7FA902D1F0BD1A60037FF88 /* Either.swift */,
				C732CEA71F0F7B7600698F28 /* String+URL.swift */,
				C75C8F4720B56AF3004B028C /* IPAddress.swift */,
				C774BCF821465EB2003FF7C8 /* AppConfigType.swift */,
			);
			name = Models;
			sourceTree = "<group>";
		};
		C7FA902A1F0BA9F30037FF88 /* Resources */ = {
			isa = PBXGroup;
			children = (
				C766FB86212D6AF000306271 /* eduVPNAssets.xcassets */,
				C766FB88212D6AF900306271 /* LetsConnectAssets.xcassets */,
				C7BEF5CE1F03E0D80038605E /* Main.storyboard */,
				C7BEF5D11F03E0D80038605E /* eduVPN-Info.plist */,
				C7C49516208484120056D5E4 /* LetsConnect-Info.plist */,
				C72AD7051F0A6BFF006DBDA5 /* eduVPN-Bridging-Header.h */,
				C748DDD222302BC100B81A13 /* openvpn-2.4.7-openssl-1.1.1b */,
				C71912571F3C8486005409E0 /* Defaults.plist */,
				C741F4411FC6E2D400B1EB83 /* dsa_pub.pem */,
			);
			name = Resources;
			path = ../eduVPN;
			sourceTree = "<group>";
		};
/* End PBXGroup section */

/* Begin PBXNativeTarget section */
		C72AD6F21F0A692F006DBDA5 /* org.eduvpn.app.openvpnhelper */ = {
			isa = PBXNativeTarget;
			buildConfigurationList = C72AD6F71F0A692F006DBDA5 /* Build configuration list for PBXNativeTarget "org.eduvpn.app.openvpnhelper" */;
			buildPhases = (
				C71F0FDA20003574008A4760 /* SMAuthorizedClients */,
				C72AD6EF1F0A692F006DBDA5 /* Sources */,
				C72AD6F01F0A692F006DBDA5 /* Frameworks */,
			);
			buildRules = (
			);
			dependencies = (
			);
			name = org.eduvpn.app.openvpnhelper;
			productName = com.egeniq.projects.eduvpn.openvpnhelper;
			productReference = C72AD6F31F0A692F006DBDA5 /* org.eduvpn.app.openvpnhelper */;
			productType = "com.apple.product-type.tool";
		};
		C75527E01F3C531B00076078 /* LoginItemHelper */ = {
			isa = PBXNativeTarget;
			buildConfigurationList = C75527F21F3C531B00076078 /* Build configuration list for PBXNativeTarget "LoginItemHelper" */;
			buildPhases = (
				C75527DD1F3C531B00076078 /* Sources */,
				C75527DE1F3C531B00076078 /* Frameworks */,
				C75527DF1F3C531B00076078 /* Resources */,
			);
			buildRules = (
			);
			dependencies = (
			);
			name = LoginItemHelper;
			productName = LoginItemHelper;
			productReference = C75527E11F3C531B00076078 /* LoginItemHelper.app */;
			productType = "com.apple.product-type.application";
		};
		C7BEF5C41F03E0D80038605E /* eduVPN */ = {
			isa = PBXNativeTarget;
			buildConfigurationList = C7BEF5D41F03E0D80038605E /* Build configuration list for PBXNativeTarget "eduVPN" */;
			buildPhases = (
				C77C7DB02029C7C70029F90E /* Set SMPrivilegedExecutables */,
				C7BEF5C11F03E0D80038605E /* Sources */,
				C7BEF5C21F03E0D80038605E /* Frameworks */,
				C7BEF5C31F03E0D80038605E /* Resources */,
				C72AD6ED1F0A6641006DBDA5 /* CopyFiles */,
				C75527F51F3C543600076078 /* CopyFiles */,
				C72A557C1F0D9FF2001DCA24 /* Embed Frameworks */,
				C754E230214D2C9D00CD3A5B /* Signing OpenVPN and Sparkle */,
				C72A557D1F0DA005001DCA24 /* CopyFiles */,
			);
			buildRules = (
			);
			dependencies = (
				C75527F81F3C546900076078 /* PBXTargetDependency */,
				C72AD70B1F0A7848006DBDA5 /* PBXTargetDependency */,
			);
			name = eduVPN;
			productName = EduVPN;
			productReference = C7BEF5C51F03E0D80038605E /* eduVPN.app */;
			productType = "com.apple.product-type.application";
		};
		C7C494D2208484120056D5E4 /* LetsConnect */ = {
			isa = PBXNativeTarget;
			buildConfigurationList = C7C49512208484120056D5E4 /* Build configuration list for PBXNativeTarget "LetsConnect" */;
			buildPhases = (
				C7C494D8208484120056D5E4 /* Set SMPrivilegedExecutables */,
				C7C494D9208484120056D5E4 /* Sources */,
				C7C494F3208484120056D5E4 /* Frameworks */,
				C7C494FC208484120056D5E4 /* Resources */,
				C7C49504208484120056D5E4 /* CopyFiles */,
				C7C49506208484120056D5E4 /* CopyFiles */,
				C7C49508208484120056D5E4 /* Embed Frameworks */,
				C7C494D7208484120056D5E4 /* Signing OpenVPN and Sparkle */,
				C7C4950E208484120056D5E4 /* CopyFiles */,
			);
			buildRules = (
			);
			dependencies = (
				C7C494D3208484120056D5E4 /* PBXTargetDependency */,
				C7C494D5208484120056D5E4 /* PBXTargetDependency */,
			);
			name = LetsConnect;
			productName = EduVPN;
			productReference = C7C49515208484120056D5E4 /* Let's Connect!.app */;
			productType = "com.apple.product-type.application";
		};
/* End PBXNativeTarget section */

/* Begin PBXProject section */
		C7BEF5BD1F03E0D70038605E /* Project object */ = {
			isa = PBXProject;
			attributes = {
				LastSwiftUpdateCheck = 0830;
				LastUpgradeCheck = 1020;
				ORGANIZATIONNAME = "Commons Conservancy";
				TargetAttributes = {
					C72AD6F21F0A692F006DBDA5 = {
						CreatedOnToolsVersion = 8.3.3;
						DevelopmentTeam = ZYJ4TZX4UU;
						ProvisioningStyle = Automatic;
					};
					C75527E01F3C531B00076078 = {
						CreatedOnToolsVersion = 8.3.3;
						DevelopmentTeam = ZYJ4TZX4UU;
						ProvisioningStyle = Automatic;
						SystemCapabilities = {
							com.apple.HardenedRuntime = {
								enabled = 1;
							};
						};
					};
					C7BEF5C41F03E0D80038605E = {
						CreatedOnToolsVersion = 8.3.3;
						DevelopmentTeam = ZYJ4TZX4UU;
						LastSwiftMigration = 1020;
						ProvisioningStyle = Automatic;
						SystemCapabilities = {
							com.apple.HardenedRuntime = {
								enabled = 1;
							};
							com.apple.Sandbox = {
								enabled = 0;
							};
						};
					};
					C7C494D2208484120056D5E4 = {
						DevelopmentTeam = ZYJ4TZX4UU;
						LastSwiftMigration = 1020;
						SystemCapabilities = {
							com.apple.HardenedRuntime = {
								enabled = 1;
							};
						};
					};
				};
			};
			buildConfigurationList = C7BEF5C01F03E0D70038605E /* Build configuration list for PBXProject "eduVPN" */;
			compatibilityVersion = "Xcode 3.2";
			developmentRegion = en;
			hasScannedForEncodings = 0;
			knownRegions = (
				en,
				Base,
			);
			mainGroup = C7BEF5BC1F03E0D70038605E;
			productRefGroup = C7BEF5C61F03E0D80038605E /* Products */;
			projectDirPath = "";
			projectRoot = "";
			targets = (
				C7BEF5C41F03E0D80038605E /* eduVPN */,
				C7C494D2208484120056D5E4 /* LetsConnect */,
				C72AD6F21F0A692F006DBDA5 /* org.eduvpn.app.openvpnhelper */,
				C75527E01F3C531B00076078 /* LoginItemHelper */,
			);
		};
/* End PBXProject section */

/* Begin PBXResourcesBuildPhase section */
		C75527DF1F3C531B00076078 /* Resources */ = {
			isa = PBXResourcesBuildPhase;
			buildActionMask = 2147483647;
			files = (
				C75527ED1F3C531B00076078 /* Assets.xcassets in Resources */,
				C75527F01F3C531B00076078 /* Main.storyboard in Resources */,
			);
			runOnlyForDeploymentPostprocessing = 0;
		};
		C7BEF5C31F03E0D80038605E /* Resources */ = {
			isa = PBXResourcesBuildPhase;
			buildActionMask = 2147483647;
			files = (
				C79265C32080F340005E86E7 /* Main.storyboard in Resources */,
				C766FB87212D6AF000306271 /* eduVPNAssets.xcassets in Resources */,
				C789DCCD20C7E3CB00A0668E /* Socket.framework.dSYM in Resources */,
				C71912581F3C8486005409E0 /* Defaults.plist in Resources */,
				C748DDD322302BC100B81A13 /* openvpn-2.4.7-openssl-1.1.1b in Resources */,
				C741F4421FC6E2D400B1EB83 /* dsa_pub.pem in Resources */,
				C741F43D1FC6DE9000B1EB83 /* Sparkle.framework.dSYM in Resources */,
				C761E2E02080B08200A98B90 /* Reachability.framework.dSYM in Resources */,
			);
			runOnlyForDeploymentPostprocessing = 0;
		};
		C7C494FC208484120056D5E4 /* Resources */ = {
			isa = PBXResourcesBuildPhase;
			buildActionMask = 2147483647;
			files = (
				C7A8412221304F5E003EB3A5 /* Main.storyboard in Resources */,
				C789DCCE20C7E3CB00A0668E /* Socket.framework.dSYM in Resources */,
				C7C494FE208484120056D5E4 /* Defaults.plist in Resources */,
				C7C494FF208484120056D5E4 /* dsa_pub.pem in Resources */,
				C748DDD422302BC100B81A13 /* openvpn-2.4.7-openssl-1.1.1b in Resources */,
				C766FB89212D6AF900306271 /* LetsConnectAssets.xcassets in Resources */,
				C7C49501208484120056D5E4 /* Sparkle.framework.dSYM in Resources */,
				C7C49503208484120056D5E4 /* Reachability.framework.dSYM in Resources */,
			);
			runOnlyForDeploymentPostprocessing = 0;
		};
/* End PBXResourcesBuildPhase section */

/* Begin PBXShellScriptBuildPhase section */
		C71F0FDA20003574008A4760 /* SMAuthorizedClients */ = {
			isa = PBXShellScriptBuildPhase;
			buildActionMask = 2147483647;
			files = (
			);
			inputPaths = (
			);
			name = SMAuthorizedClients;
			outputPaths = (
			);
			runOnlyForDeploymentPostprocessing = 0;
			shellPath = /bin/sh;
			shellScript = "if test \"$ACTION\" == \"install\"\nthen\n    /usr/libexec/PlistBuddy -c \"Set :SMAuthorizedClients:0 \\\"anchor apple generic and identifier \\\\\\\"org.eduvpn.app\\\\\\\" and (certificate leaf[field.1.2.840.113635.100.6.1.9] /* exists */ or certificate 1[field.1.2.840.113635.100.6.2.6] /* exists */ and certificate leaf[field.1.2.840.113635.100.6.1.13] /* exists */ and certificate leaf[subject.OU] = ${DEVELOPMENT_TEAM})\\\"\" \"${SOURCE_ROOT}/OpenVPNHelper/OpenVPNHelper-Info.plist\"\n    /usr/libexec/PlistBuddy -c \"Set :SMAuthorizedClients:1 \\\"anchor apple generic and identifier \\\\\\\"org.eduvpn.app.home\\\\\\\" and (certificate leaf[field.1.2.840.113635.100.6.1.9] /* exists */ or certificate 1[field.1.2.840.113635.100.6.2.6] /* exists */ and certificate leaf[field.1.2.840.113635.100.6.1.13] /* exists */ and certificate leaf[subject.OU] = ${DEVELOPMENT_TEAM})\\\"\" \"${SOURCE_ROOT}/OpenVPNHelper/OpenVPNHelper-Info.plist\"\nelse\n    /usr/libexec/PlistBuddy -c \"Set :SMAuthorizedClients:0 \\\"identifier \\\\\\\"org.eduvpn.app\\\\\\\" and anchor apple generic and certificate leaf[subject.CN] = \\\\\\\"${EXPANDED_CODE_SIGN_IDENTITY_NAME}\\\\\\\" and certificate 1[field.1.2.840.113635.100.6.2.1] /* exists */\\\"\" \"${SOURCE_ROOT}/OpenVPNHelper/OpenVPNHelper-Info.plist\"\n    /usr/libexec/PlistBuddy -c \"Set :SMAuthorizedClients:1 \\\"identifier \\\\\\\"org.eduvpn.app.home\\\\\\\" and anchor apple generic and certificate leaf[subject.CN] = \\\\\\\"${EXPANDED_CODE_SIGN_IDENTITY_NAME}\\\\\\\" and certificate 1[field.1.2.840.113635.100.6.2.1] /* exists */\\\"\" \"${SOURCE_ROOT}/OpenVPNHelper/OpenVPNHelper-Info.plist\"\nfi\n";
			showEnvVarsInLog = 0;
		};
		C754E230214D2C9D00CD3A5B /* Signing OpenVPN and Sparkle */ = {
			isa = PBXShellScriptBuildPhase;
			buildActionMask = 2147483647;
			files = (
			);
			inputFileListPaths = (
			);
			inputPaths = (
			);
			name = "Signing OpenVPN and Sparkle";
			outputFileListPaths = (
			);
			outputPaths = (
			);
			runOnlyForDeploymentPostprocessing = 0;
			shellPath = /bin/bash;
			shellScript = "folder=\"${TARGET_BUILD_DIR}/${UNLOCALIZED_RESOURCES_FOLDER_PATH}/${OPENVPN_FOLDER}\"\necho \"Verifying signatures in $folder\"\n\necho \"Signing openvpn for ${EXPANDED_CODE_SIGN_IDENTITY_NAME}\"\ncodesign -f -s \"${EXPANDED_CODE_SIGN_IDENTITY_NAME}\" -o runtime \"$folder/openvpn\"\n\necho \"Signing up script for ${EXPANDED_CODE_SIGN_IDENTITY_NAME}\"\ncodesign -f -s \"${EXPANDED_CODE_SIGN_IDENTITY_NAME}\" \"$folder/client.up.eduvpn.sh\"\n\necho \"Signing down script for ${EXPANDED_CODE_SIGN_IDENTITY_NAME}\"\ncodesign -f -s \"${EXPANDED_CODE_SIGN_IDENTITY_NAME}\" \"$folder/client.down.eduvpn.sh\"\n\necho \"Signing leasewatch script for ${EXPANDED_CODE_SIGN_IDENTITY_NAME}\"\ncodesign -f -s \"${EXPANDED_CODE_SIGN_IDENTITY_NAME}\" \"$folder/leasewatch.sh\"\n\necho \"Signing Sparkle.framework for ${EXPANDED_CODE_SIGN_IDENTITY_NAME} and hardened runtime\"\nframeworks_folder=\"${TARGET_BUILD_DIR}/${FRAMEWORKS_FOLDER_PATH}\"\ncodesign -f -s \"${EXPANDED_CODE_SIGN_IDENTITY_NAME}\" --deep -o runtime \"$frameworks_folder/Sparkle.framework/Versions/A/Resources/Autoupdate.app\"\n";
		};
		C77C7DB02029C7C70029F90E /* Set SMPrivilegedExecutables */ = {
			isa = PBXShellScriptBuildPhase;
			buildActionMask = 2147483647;
			files = (
			);
			inputPaths = (
			);
			name = "Set SMPrivilegedExecutables";
			outputPaths = (
			);
			runOnlyForDeploymentPostprocessing = 0;
			shellPath = /bin/sh;
			shellScript = "if test \"$ACTION\" == \"install\"\nthen\n/usr/libexec/PlistBuddy -c \"Set :SMPrivilegedExecutables:org.eduvpn.app.openvpnhelper \\\"anchor apple generic and identifier \\\\\\\"org.eduvpn.app.openvpnhelper\\\\\\\" and (certificate leaf[field.1.2.840.113635.100.6.1.9] /* exists */ or certificate 1[field.1.2.840.113635.100.6.2.6] /* exists */ and certificate leaf[field.1.2.840.113635.100.6.1.13] /* exists */ and certificate leaf[subject.OU] = ${DEVELOPMENT_TEAM})\\\"\" \"${SOURCE_ROOT}/eduVPN/eduVPN-Info.plist\"\nelse\n/usr/libexec/PlistBuddy -c \"Set :SMPrivilegedExecutables:org.eduvpn.app.openvpnhelper \\\"identifier \\\\\\\"org.eduvpn.app.openvpnhelper\\\\\\\" and anchor apple generic and certificate leaf[subject.CN] = \\\\\\\"${EXPANDED_CODE_SIGN_IDENTITY_NAME}\\\\\\\" and certificate 1[field.1.2.840.113635.100.6.2.1] /* exists */\\\"\" \"${SOURCE_ROOT}/eduVPN/eduVPN-Info.plist\"\nfi\n";
		};
		C7C494D7208484120056D5E4 /* Signing OpenVPN and Sparkle */ = {
			isa = PBXShellScriptBuildPhase;
			buildActionMask = 2147483647;
			files = (
			);
			inputPaths = (
			);
			name = "Signing OpenVPN and Sparkle";
			outputPaths = (
			);
			runOnlyForDeploymentPostprocessing = 0;
			shellPath = /bin/bash;
			shellScript = "folder=\"${TARGET_BUILD_DIR}/${UNLOCALIZED_RESOURCES_FOLDER_PATH}/${OPENVPN_FOLDER}\"\necho \"Verifying signatures in $folder\"\n\necho \"Signing openvpn for ${EXPANDED_CODE_SIGN_IDENTITY_NAME}\"\ncodesign -f -s \"${EXPANDED_CODE_SIGN_IDENTITY_NAME}\" -o runtime \"$folder/openvpn\"\n\necho \"Signing up script for ${EXPANDED_CODE_SIGN_IDENTITY_NAME}\"\ncodesign -f -s \"${EXPANDED_CODE_SIGN_IDENTITY_NAME}\" \"$folder/client.up.eduvpn.sh\"\n\necho \"Signing down script for ${EXPANDED_CODE_SIGN_IDENTITY_NAME}\"\ncodesign -f -s \"${EXPANDED_CODE_SIGN_IDENTITY_NAME}\" \"$folder/client.down.eduvpn.sh\"\n\necho \"Signing leasewatch script for ${EXPANDED_CODE_SIGN_IDENTITY_NAME}\"\ncodesign -f -s \"${EXPANDED_CODE_SIGN_IDENTITY_NAME}\" \"$folder/leasewatch.sh\"\n\necho \"Signing Sparkle.framework for ${EXPANDED_CODE_SIGN_IDENTITY_NAME} and hardened runtime\"\nframeworks_folder=\"${TARGET_BUILD_DIR}/${FRAMEWORKS_FOLDER_PATH}\"\ncodesign -f -s \"${EXPANDED_CODE_SIGN_IDENTITY_NAME}\" --deep -o runtime \"$frameworks_folder/Sparkle.framework/Versions/A/Resources/AutoUpdate.app\"\n";
		};
		C7C494D8208484120056D5E4 /* Set SMPrivilegedExecutables */ = {
			isa = PBXShellScriptBuildPhase;
			buildActionMask = 2147483647;
			files = (
			);
			inputPaths = (
			);
			name = "Set SMPrivilegedExecutables";
			outputPaths = (
			);
			runOnlyForDeploymentPostprocessing = 0;
			shellPath = /bin/sh;
			shellScript = "if test \"$ACTION\" == \"install\"\nthen\n/usr/libexec/PlistBuddy -c \"Set :SMPrivilegedExecutables:org.eduvpn.app.openvpnhelper \\\"anchor apple generic and identifier \\\\\\\"org.eduvpn.app.openvpnhelper\\\\\\\" and (certificate leaf[field.1.2.840.113635.100.6.1.9] /* exists */ or certificate 1[field.1.2.840.113635.100.6.2.6] /* exists */ and certificate leaf[field.1.2.840.113635.100.6.1.13] /* exists */ and certificate leaf[subject.OU] = ${DEVELOPMENT_TEAM})\\\"\" \"${SOURCE_ROOT}/LetsConnect-Info.plist\"\nelse\n/usr/libexec/PlistBuddy -c \"Set :SMPrivilegedExecutables:org.eduvpn.app.openvpnhelper \\\"identifier \\\\\\\"org.eduvpn.app.openvpnhelper\\\\\\\" and anchor apple generic and certificate leaf[subject.CN] = \\\\\\\"${EXPANDED_CODE_SIGN_IDENTITY_NAME}\\\\\\\" and certificate 1[field.1.2.840.113635.100.6.2.1] /* exists */\\\"\" \"${SOURCE_ROOT}/LetsConnect-Info.plist\"\nfi\n";
		};
/* End PBXShellScriptBuildPhase section */

/* Begin PBXSourcesBuildPhase section */
		C72AD6EF1F0A692F006DBDA5 /* Sources */ = {
			isa = PBXSourcesBuildPhase;
			buildActionMask = 2147483647;
			files = (
				C72AD6FD1F0A69BF006DBDA5 /* OpenVPNHelper.m in Sources */,
				C72AD6F61F0A692F006DBDA5 /* main.m in Sources */,
			);
			runOnlyForDeploymentPostprocessing = 0;
		};
		C75527DD1F3C531B00076078 /* Sources */ = {
			isa = PBXSourcesBuildPhase;
			buildActionMask = 2147483647;
			files = (
				C75527E81F3C531B00076078 /* main.m in Sources */,
				C75527E51F3C531B00076078 /* AppDelegate.m in Sources */,
			);
			runOnlyForDeploymentPostprocessing = 0;
		};
		C7BEF5C11F03E0D80038605E /* Sources */ = {
			isa = PBXSourcesBuildPhase;
			buildActionMask = 2147483647;
			files = (
				C7C4951820849DF20056D5E4 /* User.swift in Sources */,
				C7A4E1221FACD09C00B21262 /* EnterProviderURLViewController.swift in Sources */,
				C76A83FD2158DD110017DBE1 /* NSAlert+Custom.swift in Sources */,
				C732CEA81F0F7B7600698F28 /* String+URL.swift in Sources */,
				C7BEF5DA1F03E4FD0038605E /* Provider.swift in Sources */,
				C71847C01F0E49F100296C61 /* HelperService.swift in Sources */,
				C71847C21F0E4A1B00296C61 /* ProviderService.swift in Sources */,
				C71847C41F0E4A4A00296C61 /* AuthenticationService.swift in Sources */,
				C711B16F1F4D864600E1C076 /* DurationTransformer.swift in Sources */,
				C7BEF5D81F03E4B50038605E /* ChooseProviderViewController.swift in Sources */,
				C7FA902E1F0BD1A60037FF88 /* Either.swift in Sources */,
				C732CEA51F0F720800698F28 /* ChooseProfileViewController.swift in Sources */,
				C71847C81F0E5E2800296C61 /* ChooseConnectionTypeViewController.swift in Sources */,
				C774BD0221469C51003FF7C8 /* EnterCredentialsViewController.swift in Sources */,
				C766150E2125B4F2002A8E4D /* Debug.swift in Sources */,
				C75527FA1F3C55F100076078 /* PreferencesService.swift in Sources */,
				C795BAA220616C9300304431 /* AppDelegate.swift in Sources */,
				C765819D1F063C47003DEC92 /* ConnectionService.swift in Sources */,
				C71847C61F0E5AC600296C61 /* ConfigurationService.swift in Sources */,
				C77EF61320876B5A0097DEB2 /* String+Random.swift in Sources */,
				C71912561F3C6942005409E0 /* PreferencesViewController.swift in Sources */,
				C7AA7FBF1FE4989000845D62 /* ConnectionViewController.swift in Sources */,
				C765819B1F063BC9003DEC92 /* ServiceContainer.swift in Sources */,
				C75527DC1F3B55B700076078 /* MainViewController.swift in Sources */,
				C7F345171F955473002120B9 /* ProvidersViewController.swift in Sources */,
				C75C8F4820B56AF4004B028C /* IPAddress.swift in Sources */,
				C774BCF921465EB2003FF7C8 /* AppConfigType.swift in Sources */,
				C7C4951F2084BE600056D5E4 /* Enroll2FAViewController.swift in Sources */,
				C7C495212084DE230056D5E4 /* TwoFactorService.swift in Sources */,
				C774BCFE21466BAD003FF7C8 /* AppConfig.swift in Sources */,
				C78250A61FC7291000B33892 /* Message.swift in Sources */,
				C761DF071FE4002A009F0154 /* Enter2FAViewController.swift in Sources */,
				C7BEF5DE1F03F4020038605E /* AuthenticatingViewController.swift in Sources */,
				C73690B7214267A5004AFB4E /* URL+Unused.swift in Sources */,
				C789DCD620C8227000A0668E /* KeychainService.swift in Sources */,
				C7BEF5DC1F03F2CA0038605E /* MainWindowController.swift in Sources */,
			);
			runOnlyForDeploymentPostprocessing = 0;
		};
		C7C494D9208484120056D5E4 /* Sources */ = {
			isa = PBXSourcesBuildPhase;
			buildActionMask = 2147483647;
			files = (
				C7251FC7208A2DDC000CE404 /* User.swift in Sources */,
				C7C494DA208484120056D5E4 /* EnterProviderURLViewController.swift in Sources */,
				C76A83FE2158DD110017DBE1 /* NSAlert+Custom.swift in Sources */,
				C7C494DB208484120056D5E4 /* String+URL.swift in Sources */,
				C7C494DC208484120056D5E4 /* Provider.swift in Sources */,
				C7C494DD208484120056D5E4 /* HelperService.swift in Sources */,
				C7C494DE208484120056D5E4 /* ProviderService.swift in Sources */,
				C7C494DF208484120056D5E4 /* AuthenticationService.swift in Sources */,
				C7C494E0208484120056D5E4 /* DurationTransformer.swift in Sources */,
				C7C494E1208484120056D5E4 /* ChooseProviderViewController.swift in Sources */,
				C7251FC9208A2DF4000CE404 /* String+Random.swift in Sources */,
				C7C494E2208484120056D5E4 /* Either.swift in Sources */,
				C7C494E3208484120056D5E4 /* ChooseProfileViewController.swift in Sources */,
				C774BD0321469C51003FF7C8 /* EnterCredentialsViewController.swift in Sources */,
				C7C494E4208484120056D5E4 /* ChooseConnectionTypeViewController.swift in Sources */,
				C766150F2125B4F2002A8E4D /* Debug.swift in Sources */,
				C7251FCA208A2DF8000CE404 /* Enroll2FAViewController.swift in Sources */,
				C7251FC8208A2DEF000CE404 /* TwoFactorService.swift in Sources */,
				C7C494E6208484120056D5E4 /* PreferencesService.swift in Sources */,
				C7C494E7208484120056D5E4 /* AppDelegate.swift in Sources */,
				C7C494E8208484120056D5E4 /* ConnectionService.swift in Sources */,
				C7C494E9208484120056D5E4 /* ConfigurationService.swift in Sources */,
				C7C494EA208484120056D5E4 /* PreferencesViewController.swift in Sources */,
				C7C494EB208484120056D5E4 /* ConnectionViewController.swift in Sources */,
				C7C494EC208484120056D5E4 /* ServiceContainer.swift in Sources */,
				C75C8F4920B56AF4004B028C /* IPAddress.swift in Sources */,
				C774BCFA21465EB2003FF7C8 /* AppConfigType.swift in Sources */,
				C7C494ED208484120056D5E4 /* MainViewController.swift in Sources */,
				C7C494EE208484120056D5E4 /* ProvidersViewController.swift in Sources */,
				C774BD0021466BB8003FF7C8 /* AppConfig.swift in Sources */,
				C7C494EF208484120056D5E4 /* Message.swift in Sources */,
				C7C494F0208484120056D5E4 /* Enter2FAViewController.swift in Sources */,
				C7C494F1208484120056D5E4 /* AuthenticatingViewController.swift in Sources */,
				C73690B8214267A5004AFB4E /* URL+Unused.swift in Sources */,
				C789DCD720C8227000A0668E /* KeychainService.swift in Sources */,
				C7C494F2208484120056D5E4 /* MainWindowController.swift in Sources */,
			);
			runOnlyForDeploymentPostprocessing = 0;
		};
/* End PBXSourcesBuildPhase section */

/* Begin PBXTargetDependency section */
		C72AD70B1F0A7848006DBDA5 /* PBXTargetDependency */ = {
			isa = PBXTargetDependency;
			target = C72AD6F21F0A692F006DBDA5 /* org.eduvpn.app.openvpnhelper */;
			targetProxy = C72AD70A1F0A7848006DBDA5 /* PBXContainerItemProxy */;
		};
		C75527F81F3C546900076078 /* PBXTargetDependency */ = {
			isa = PBXTargetDependency;
			target = C75527E01F3C531B00076078 /* LoginItemHelper */;
			targetProxy = C75527F71F3C546900076078 /* PBXContainerItemProxy */;
		};
		C7C494D3208484120056D5E4 /* PBXTargetDependency */ = {
			isa = PBXTargetDependency;
			target = C75527E01F3C531B00076078 /* LoginItemHelper */;
			targetProxy = C7C494D4208484120056D5E4 /* PBXContainerItemProxy */;
		};
		C7C494D5208484120056D5E4 /* PBXTargetDependency */ = {
			isa = PBXTargetDependency;
			target = C72AD6F21F0A692F006DBDA5 /* org.eduvpn.app.openvpnhelper */;
			targetProxy = C7C494D6208484120056D5E4 /* PBXContainerItemProxy */;
		};
/* End PBXTargetDependency section */

/* Begin PBXVariantGroup section */
		C75527EE1F3C531B00076078 /* Main.storyboard */ = {
			isa = PBXVariantGroup;
			children = (
				C75527EF1F3C531B00076078 /* Base */,
			);
			name = Main.storyboard;
			sourceTree = "<group>";
		};
		C7BEF5CE1F03E0D80038605E /* Main.storyboard */ = {
			isa = PBXVariantGroup;
			children = (
				C7BEF5CF1F03E0D80038605E /* Base */,
			);
			name = Main.storyboard;
			sourceTree = "<group>";
		};
/* End PBXVariantGroup section */

/* Begin XCBuildConfiguration section */
		C72AD6F81F0A692F006DBDA5 /* Debug */ = {
			isa = XCBuildConfiguration;
			buildSettings = {
				CODE_SIGN_IDENTITY = "Mac Developer";
				DEVELOPMENT_TEAM = ZYJ4TZX4UU;
				ENABLE_HARDENED_RUNTIME = YES;
				INFOPLIST_FILE = "OpenVPNHelper/OpenVPNHelper-Info.plist";
				OTHER_LDFLAGS = (
					"-sectcreate",
					__TEXT,
					__info_plist,
					"OpenVPNHelper/OpenVPNHelper-Info.plist",
					"-sectcreate",
					__TEXT,
					__launchd_plist,
					"OpenVPNHelper/OpenVPNHelper-Launchd.plist",
				);
				PRODUCT_BUNDLE_IDENTIFIER = org.eduvpn.app.openvpnhelper;
				PRODUCT_NAME = "$(TARGET_NAME)";
				SKIP_INSTALL = YES;
			};
			name = Debug;
		};
		C72AD6F91F0A692F006DBDA5 /* Release */ = {
			isa = XCBuildConfiguration;
			buildSettings = {
				CODE_SIGN_IDENTITY = "Mac Developer";
				DEVELOPMENT_TEAM = ZYJ4TZX4UU;
				ENABLE_HARDENED_RUNTIME = YES;
				INFOPLIST_FILE = "OpenVPNHelper/OpenVPNHelper-Info.plist";
				OTHER_LDFLAGS = (
					"-sectcreate",
					__TEXT,
					__info_plist,
					"OpenVPNHelper/OpenVPNHelper-Info.plist",
					"-sectcreate",
					__TEXT,
					__launchd_plist,
					"OpenVPNHelper/OpenVPNHelper-Launchd.plist",
				);
				PRODUCT_BUNDLE_IDENTIFIER = org.eduvpn.app.openvpnhelper;
				PRODUCT_NAME = "$(TARGET_NAME)";
				SKIP_INSTALL = YES;
			};
			name = Release;
		};
		C75527F31F3C531B00076078 /* Debug */ = {
			isa = XCBuildConfiguration;
			buildSettings = {
				ASSETCATALOG_COMPILER_APPICON_NAME = AppIcon;
				CODE_SIGN_IDENTITY = "Mac Developer";
				COMBINE_HIDPI_IMAGES = YES;
				DEVELOPMENT_TEAM = ZYJ4TZX4UU;
				ENABLE_HARDENED_RUNTIME = YES;
				INFOPLIST_FILE = LoginItemHelper/Info.plist;
				LD_RUNPATH_SEARCH_PATHS = "$(inherited) @executable_path/../Frameworks";
				PRODUCT_BUNDLE_IDENTIFIER = org.eduvpn.app.LoginItemHelper;
				PRODUCT_NAME = "$(TARGET_NAME)";
				PROVISIONING_PROFILE_SPECIFIER = "";
				SKIP_INSTALL = YES;
			};
			name = Debug;
		};
		C75527F41F3C531B00076078 /* Release */ = {
			isa = XCBuildConfiguration;
			buildSettings = {
				ASSETCATALOG_COMPILER_APPICON_NAME = AppIcon;
				CODE_SIGN_IDENTITY = "Mac Developer";
				COMBINE_HIDPI_IMAGES = YES;
				DEVELOPMENT_TEAM = ZYJ4TZX4UU;
				ENABLE_HARDENED_RUNTIME = YES;
				INFOPLIST_FILE = LoginItemHelper/Info.plist;
				LD_RUNPATH_SEARCH_PATHS = "$(inherited) @executable_path/../Frameworks";
				PRODUCT_BUNDLE_IDENTIFIER = org.eduvpn.app.LoginItemHelper;
				PRODUCT_NAME = "$(TARGET_NAME)";
				PROVISIONING_PROFILE_SPECIFIER = "";
				SKIP_INSTALL = YES;
			};
			name = Release;
		};
		C7BEF5D21F03E0D80038605E /* Debug */ = {
			isa = XCBuildConfiguration;
			buildSettings = {
				ALWAYS_SEARCH_USER_PATHS = NO;
				CLANG_ANALYZER_LOCALIZABILITY_NONLOCALIZED = YES;
				CLANG_ANALYZER_NONNULL = YES;
				CLANG_ANALYZER_NUMBER_OBJECT_CONVERSION = YES_AGGRESSIVE;
				CLANG_CXX_LANGUAGE_STANDARD = "gnu++0x";
				CLANG_CXX_LIBRARY = "libc++";
				CLANG_ENABLE_MODULES = YES;
				CLANG_ENABLE_OBJC_ARC = YES;
				CLANG_WARN_BLOCK_CAPTURE_AUTORELEASING = YES;
				CLANG_WARN_BOOL_CONVERSION = YES;
				CLANG_WARN_COMMA = YES;
				CLANG_WARN_CONSTANT_CONVERSION = YES;
				CLANG_WARN_DEPRECATED_OBJC_IMPLEMENTATIONS = YES;
				CLANG_WARN_DIRECT_OBJC_ISA_USAGE = YES_ERROR;
				CLANG_WARN_DOCUMENTATION_COMMENTS = YES;
				CLANG_WARN_EMPTY_BODY = YES;
				CLANG_WARN_ENUM_CONVERSION = YES;
				CLANG_WARN_INFINITE_RECURSION = YES;
				CLANG_WARN_INT_CONVERSION = YES;
				CLANG_WARN_NON_LITERAL_NULL_CONVERSION = YES;
				CLANG_WARN_OBJC_IMPLICIT_RETAIN_SELF = YES;
				CLANG_WARN_OBJC_LITERAL_CONVERSION = YES;
				CLANG_WARN_OBJC_ROOT_CLASS = YES_ERROR;
				CLANG_WARN_RANGE_LOOP_ANALYSIS = YES;
				CLANG_WARN_STRICT_PROTOTYPES = YES;
				CLANG_WARN_SUSPICIOUS_MOVE = YES;
				CLANG_WARN_UNREACHABLE_CODE = YES;
				CLANG_WARN__DUPLICATE_METHOD_MATCH = YES;
				CODE_SIGN_IDENTITY = "-";
				COPY_PHASE_STRIP = NO;
				DEBUG_INFORMATION_FORMAT = dwarf;
				ENABLE_STRICT_OBJC_MSGSEND = YES;
				ENABLE_TESTABILITY = YES;
				GCC_C_LANGUAGE_STANDARD = gnu99;
				GCC_DYNAMIC_NO_PIC = NO;
				GCC_NO_COMMON_BLOCKS = YES;
				GCC_OPTIMIZATION_LEVEL = 0;
				GCC_PREPROCESSOR_DEFINITIONS = (
					"DEBUG=1",
					"$(inherited)",
				);
				GCC_WARN_64_TO_32_BIT_CONVERSION = YES;
				GCC_WARN_ABOUT_RETURN_TYPE = YES_ERROR;
				GCC_WARN_UNDECLARED_SELECTOR = YES;
				GCC_WARN_UNINITIALIZED_AUTOS = YES_AGGRESSIVE;
				GCC_WARN_UNUSED_FUNCTION = YES;
				GCC_WARN_UNUSED_VARIABLE = YES;
				MACOSX_DEPLOYMENT_TARGET = 10.12;
				MTL_ENABLE_DEBUG_INFO = YES;
				ONLY_ACTIVE_ARCH = YES;
				OPENVPN_FOLDER = "openvpn-2.4.7-openssl-1.1.1b";
				SDKROOT = macosx;
				SWIFT_ACTIVE_COMPILATION_CONDITIONS = DEBUG;
				SWIFT_OPTIMIZATION_LEVEL = "-Onone";
				SWIFT_VERSION = 4.2;
			};
			name = Debug;
		};
		C7BEF5D31F03E0D80038605E /* Release */ = {
			isa = XCBuildConfiguration;
			buildSettings = {
				ALWAYS_SEARCH_USER_PATHS = NO;
				CLANG_ANALYZER_LOCALIZABILITY_NONLOCALIZED = YES;
				CLANG_ANALYZER_NONNULL = YES;
				CLANG_ANALYZER_NUMBER_OBJECT_CONVERSION = YES_AGGRESSIVE;
				CLANG_CXX_LANGUAGE_STANDARD = "gnu++0x";
				CLANG_CXX_LIBRARY = "libc++";
				CLANG_ENABLE_MODULES = YES;
				CLANG_ENABLE_OBJC_ARC = YES;
				CLANG_WARN_BLOCK_CAPTURE_AUTORELEASING = YES;
				CLANG_WARN_BOOL_CONVERSION = YES;
				CLANG_WARN_COMMA = YES;
				CLANG_WARN_CONSTANT_CONVERSION = YES;
				CLANG_WARN_DEPRECATED_OBJC_IMPLEMENTATIONS = YES;
				CLANG_WARN_DIRECT_OBJC_ISA_USAGE = YES_ERROR;
				CLANG_WARN_DOCUMENTATION_COMMENTS = YES;
				CLANG_WARN_EMPTY_BODY = YES;
				CLANG_WARN_ENUM_CONVERSION = YES;
				CLANG_WARN_INFINITE_RECURSION = YES;
				CLANG_WARN_INT_CONVERSION = YES;
				CLANG_WARN_NON_LITERAL_NULL_CONVERSION = YES;
				CLANG_WARN_OBJC_IMPLICIT_RETAIN_SELF = YES;
				CLANG_WARN_OBJC_LITERAL_CONVERSION = YES;
				CLANG_WARN_OBJC_ROOT_CLASS = YES_ERROR;
				CLANG_WARN_RANGE_LOOP_ANALYSIS = YES;
				CLANG_WARN_STRICT_PROTOTYPES = YES;
				CLANG_WARN_SUSPICIOUS_MOVE = YES;
				CLANG_WARN_UNREACHABLE_CODE = YES;
				CLANG_WARN__DUPLICATE_METHOD_MATCH = YES;
				CODE_SIGN_IDENTITY = "-";
				COPY_PHASE_STRIP = NO;
				DEBUG_INFORMATION_FORMAT = "dwarf-with-dsym";
				ENABLE_NS_ASSERTIONS = NO;
				ENABLE_STRICT_OBJC_MSGSEND = YES;
				GCC_C_LANGUAGE_STANDARD = gnu99;
				GCC_NO_COMMON_BLOCKS = YES;
				GCC_PREPROCESSOR_DEFINITIONS = "";
				GCC_WARN_64_TO_32_BIT_CONVERSION = YES;
				GCC_WARN_ABOUT_RETURN_TYPE = YES_ERROR;
				GCC_WARN_UNDECLARED_SELECTOR = YES;
				GCC_WARN_UNINITIALIZED_AUTOS = YES_AGGRESSIVE;
				GCC_WARN_UNUSED_FUNCTION = YES;
				GCC_WARN_UNUSED_VARIABLE = YES;
				MACOSX_DEPLOYMENT_TARGET = 10.12;
				MTL_ENABLE_DEBUG_INFO = NO;
				OPENVPN_FOLDER = "openvpn-2.4.7-openssl-1.1.1b";
				SDKROOT = macosx;
				SWIFT_OPTIMIZATION_LEVEL = "-Owholemodule";
				SWIFT_VERSION = 4.2;
			};
			name = Release;
		};
		C7BEF5D51F03E0D80038605E /* Debug */ = {
			isa = XCBuildConfiguration;
			buildSettings = {
				ASSETCATALOG_COMPILER_APPICON_NAME = eduVPNAppIcon;
				CLANG_ENABLE_MODULES = YES;
				CODE_SIGN_IDENTITY = "Mac Developer";
				COMBINE_HIDPI_IMAGES = YES;
				DEVELOPMENT_TEAM = ZYJ4TZX4UU;
				ENABLE_HARDENED_RUNTIME = YES;
				FRAMEWORK_SEARCH_PATHS = (
					"$(inherited)",
					"$(PROJECT_DIR)/Carthage/Build/Mac",
				);
				INFOPLIST_FILE = "eduVPN/eduVPN-Info.plist";
				LD_RUNPATH_SEARCH_PATHS = "$(inherited) @executable_path/../Frameworks";
				PRODUCT_BUNDLE_IDENTIFIER = nl.eduvpn.app.macos;
				PRODUCT_NAME = "$(TARGET_NAME)";
				PROVISIONING_PROFILE_SPECIFIER = "";
				SWIFT_OBJC_BRIDGING_HEADER = "eduVPN/eduVPN-Bridging-Header.h";
				SWIFT_OPTIMIZATION_LEVEL = "-Onone";
				SWIFT_VERSION = 5.0;
			};
			name = Debug;
		};
		C7BEF5D61F03E0D80038605E /* Release */ = {
			isa = XCBuildConfiguration;
			buildSettings = {
				ASSETCATALOG_COMPILER_APPICON_NAME = eduVPNAppIcon;
				CLANG_ENABLE_MODULES = YES;
				CODE_SIGN_IDENTITY = "Mac Developer";
				COMBINE_HIDPI_IMAGES = YES;
				DEVELOPMENT_TEAM = ZYJ4TZX4UU;
				ENABLE_HARDENED_RUNTIME = YES;
				FRAMEWORK_SEARCH_PATHS = (
					"$(inherited)",
					"$(PROJECT_DIR)/Carthage/Build/Mac",
				);
				INFOPLIST_FILE = "eduVPN/eduVPN-Info.plist";
				LD_RUNPATH_SEARCH_PATHS = "$(inherited) @executable_path/../Frameworks";
				PRODUCT_BUNDLE_IDENTIFIER = nl.eduvpn.app.macos;
				PRODUCT_NAME = "$(TARGET_NAME)";
				PROVISIONING_PROFILE_SPECIFIER = "";
				SWIFT_OBJC_BRIDGING_HEADER = "eduVPN/eduVPN-Bridging-Header.h";
				SWIFT_VERSION = 5.0;
			};
			name = Release;
		};
		C7C49513208484120056D5E4 /* Debug */ = {
			isa = XCBuildConfiguration;
			buildSettings = {
				ASSETCATALOG_COMPILER_APPICON_NAME = LetsConnectAppIcon;
				CLANG_ENABLE_MODULES = YES;
				CODE_SIGN_IDENTITY = "Mac Developer";
				COMBINE_HIDPI_IMAGES = YES;
				DEVELOPMENT_TEAM = ZYJ4TZX4UU;
				ENABLE_HARDENED_RUNTIME = YES;
				FRAMEWORK_SEARCH_PATHS = (
					"$(inherited)",
					"$(PROJECT_DIR)/Carthage/Build/Mac",
				);
				INFOPLIST_FILE = "$(SRCROOT)/LetsConnect-Info.plist";
				LD_RUNPATH_SEARCH_PATHS = "$(inherited) @executable_path/../Frameworks";
				PRODUCT_BUNDLE_IDENTIFIER = org.eduvpn.app.home;
				PRODUCT_MODULE_NAME = LetsConnect;
				PRODUCT_NAME = "Let's Connect!";
				PROVISIONING_PROFILE_SPECIFIER = "";
				SWIFT_OBJC_BRIDGING_HEADER = "eduVPN/eduVPN-Bridging-Header.h";
				SWIFT_OPTIMIZATION_LEVEL = "-Onone";
				SWIFT_VERSION = 5.0;
			};
			name = Debug;
		};
		C7C49514208484120056D5E4 /* Release */ = {
			isa = XCBuildConfiguration;
			buildSettings = {
				ASSETCATALOG_COMPILER_APPICON_NAME = LetsConnectAppIcon;
				CLANG_ENABLE_MODULES = YES;
				CODE_SIGN_IDENTITY = "Mac Developer";
				COMBINE_HIDPI_IMAGES = YES;
				DEVELOPMENT_TEAM = ZYJ4TZX4UU;
				ENABLE_HARDENED_RUNTIME = YES;
				FRAMEWORK_SEARCH_PATHS = (
					"$(inherited)",
					"$(PROJECT_DIR)/Carthage/Build/Mac",
				);
				INFOPLIST_FILE = "$(SRCROOT)/LetsConnect-Info.plist";
				LD_RUNPATH_SEARCH_PATHS = "$(inherited) @executable_path/../Frameworks";
				PRODUCT_BUNDLE_IDENTIFIER = org.eduvpn.app.home;
				PRODUCT_MODULE_NAME = LetsConnect;
				PRODUCT_NAME = "Let's Connect!";
				PROVISIONING_PROFILE_SPECIFIER = "";
				SWIFT_OBJC_BRIDGING_HEADER = "eduVPN/eduVPN-Bridging-Header.h";
				SWIFT_VERSION = 5.0;
			};
			name = Release;
		};
/* End XCBuildConfiguration section */

/* Begin XCConfigurationList section */
		C72AD6F71F0A692F006DBDA5 /* Build configuration list for PBXNativeTarget "org.eduvpn.app.openvpnhelper" */ = {
			isa = XCConfigurationList;
			buildConfigurations = (
				C72AD6F81F0A692F006DBDA5 /* Debug */,
				C72AD6F91F0A692F006DBDA5 /* Release */,
			);
			defaultConfigurationIsVisible = 0;
			defaultConfigurationName = Release;
		};
		C75527F21F3C531B00076078 /* Build configuration list for PBXNativeTarget "LoginItemHelper" */ = {
			isa = XCConfigurationList;
			buildConfigurations = (
				C75527F31F3C531B00076078 /* Debug */,
				C75527F41F3C531B00076078 /* Release */,
			);
			defaultConfigurationIsVisible = 0;
			defaultConfigurationName = Release;
		};
		C7BEF5C01F03E0D70038605E /* Build configuration list for PBXProject "eduVPN" */ = {
			isa = XCConfigurationList;
			buildConfigurations = (
				C7BEF5D21F03E0D80038605E /* Debug */,
				C7BEF5D31F03E0D80038605E /* Release */,
			);
			defaultConfigurationIsVisible = 0;
			defaultConfigurationName = Release;
		};
		C7BEF5D41F03E0D80038605E /* Build configuration list for PBXNativeTarget "eduVPN" */ = {
			isa = XCConfigurationList;
			buildConfigurations = (
				C7BEF5D51F03E0D80038605E /* Debug */,
				C7BEF5D61F03E0D80038605E /* Release */,
			);
			defaultConfigurationIsVisible = 0;
			defaultConfigurationName = Release;
		};
		C7C49512208484120056D5E4 /* Build configuration list for PBXNativeTarget "LetsConnect" */ = {
			isa = XCConfigurationList;
			buildConfigurations = (
				C7C49513208484120056D5E4 /* Debug */,
				C7C49514208484120056D5E4 /* Release */,
			);
			defaultConfigurationIsVisible = 0;
			defaultConfigurationName = Release;
		};
/* End XCConfigurationList section */
	};
	rootObject = C7BEF5BD1F03E0D70038605E /* Project object */;
}
